// !$*UTF8*$!
{
	archiveVersion = 1;
	classes = {
	};
	objectVersion = 46;
	objects = {

/* Begin PBXBuildFile section */
		2B98B8E7C1CAFE26EAFB68FD /* libPods-BestDriverTitan.a in Frameworks */ = {isa = PBXBuildFile; fileRef = B82BA2BBD9D253B54D8D7A26 /* libPods-BestDriverTitan.a */; };
		8402EC261DF93CE1002B78D9 /* UIControl+TouchEffect.m in Sources */ = {isa = PBXBuildFile; fileRef = 8402EC251DF93CE1002B78D9 /* UIControl+TouchEffect.m */; };
		8402EC2A1DF94852002B78D9 /* TaskViewController.m in Sources */ = {isa = PBXBuildFile; fileRef = 8402EC291DF94852002B78D9 /* TaskViewController.m */; };
		8402EC7D1DF97D41002B78D9 /* TaskTripController.m in Sources */ = {isa = PBXBuildFile; fileRef = 8402EC7C1DF97D41002B78D9 /* TaskTripController.m */; };
		8407DF2D1DF1523300E47E73 /* SplashSourceView.m in Sources */ = {isa = PBXBuildFile; fileRef = 8407DF2A1DF1523300E47E73 /* SplashSourceView.m */; };
		8407DF2E1DF1523300E47E73 /* SplashViewController.m in Sources */ = {isa = PBXBuildFile; fileRef = 8407DF2C1DF1523300E47E73 /* SplashViewController.m */; };
		8407DF311DF1527E00E47E73 /* SplashSourceDaDa.m in Sources */ = {isa = PBXBuildFile; fileRef = 8407DF301DF1527E00E47E73 /* SplashSourceDaDa.m */; };
		8407DF331DF1539300E47E73 /* application.png in Resources */ = {isa = PBXBuildFile; fileRef = 8407DF321DF1539300E47E73 /* application.png */; };
		840DEDB51DF6B12900F19412 /* RootNavigationController.m in Sources */ = {isa = PBXBuildFile; fileRef = 840DEDB41DF6B12900F19412 /* RootNavigationController.m */; };
		840DEF6B1DED6E3100963524 /* main.m in Sources */ = {isa = PBXBuildFile; fileRef = 840DEF6A1DED6E3100963524 /* main.m */; };
		840DEF6E1DED6E3100963524 /* AppDelegate.m in Sources */ = {isa = PBXBuildFile; fileRef = 840DEF6D1DED6E3100963524 /* AppDelegate.m */; };
		840DEF711DED6E3100963524 /* ViewController.m in Sources */ = {isa = PBXBuildFile; fileRef = 840DEF701DED6E3100963524 /* ViewController.m */; };
		840DEF761DED6E3100963524 /* Assets.xcassets in Resources */ = {isa = PBXBuildFile; fileRef = 840DEF751DED6E3100963524 /* Assets.xcassets */; };
		841299DB1E542D0D00151672 /* DiyLicensePlateNode.m in Sources */ = {isa = PBXBuildFile; fileRef = 841299DA1E542D0D00151672 /* DiyLicensePlateNode.m */; };
		841299DE1E542E4300151672 /* CircleNode.m in Sources */ = {isa = PBXBuildFile; fileRef = 841299DD1E542E4300151672 /* CircleNode.m */; };
		841299E21E54489000151672 /* TaskViewSection.m in Sources */ = {isa = PBXBuildFile; fileRef = 841299E11E54489000151672 /* TaskViewSection.m */; };
		84129A1C1E54579700151672 /* MJRefreshAutoFooter.m in Sources */ = {isa = PBXBuildFile; fileRef = 841299E81E54579700151672 /* MJRefreshAutoFooter.m */; };
		84129A1D1E54579700151672 /* MJRefreshBackFooter.m in Sources */ = {isa = PBXBuildFile; fileRef = 841299EA1E54579700151672 /* MJRefreshBackFooter.m */; };
		84129A1E1E54579700151672 /* MJRefreshComponent.m in Sources */ = {isa = PBXBuildFile; fileRef = 841299EC1E54579700151672 /* MJRefreshComponent.m */; };
		84129A1F1E54579700151672 /* MJRefreshFooter.m in Sources */ = {isa = PBXBuildFile; fileRef = 841299EE1E54579700151672 /* MJRefreshFooter.m */; };
		84129A201E54579700151672 /* MJRefreshHeader.m in Sources */ = {isa = PBXBuildFile; fileRef = 841299F01E54579700151672 /* MJRefreshHeader.m */; };
		84129A211E54579700151672 /* MJRefreshAutoGifFooter.m in Sources */ = {isa = PBXBuildFile; fileRef = 841299F51E54579700151672 /* MJRefreshAutoGifFooter.m */; };
		84129A221E54579700151672 /* MJRefreshAutoNormalFooter.m in Sources */ = {isa = PBXBuildFile; fileRef = 841299F71E54579700151672 /* MJRefreshAutoNormalFooter.m */; };
		84129A231E54579700151672 /* MJRefreshAutoStateFooter.m in Sources */ = {isa = PBXBuildFile; fileRef = 841299F91E54579700151672 /* MJRefreshAutoStateFooter.m */; };
		84129A241E54579700151672 /* MJRefreshBackGifFooter.m in Sources */ = {isa = PBXBuildFile; fileRef = 841299FC1E54579700151672 /* MJRefreshBackGifFooter.m */; };
		84129A251E54579700151672 /* MJRefreshBackNormalFooter.m in Sources */ = {isa = PBXBuildFile; fileRef = 841299FE1E54579700151672 /* MJRefreshBackNormalFooter.m */; };
		84129A261E54579700151672 /* MJRefreshBackStateFooter.m in Sources */ = {isa = PBXBuildFile; fileRef = 84129A001E54579700151672 /* MJRefreshBackStateFooter.m */; };
		84129A271E54579700151672 /* MJRefreshGifHeader.m in Sources */ = {isa = PBXBuildFile; fileRef = 84129A031E54579700151672 /* MJRefreshGifHeader.m */; };
		84129A281E54579700151672 /* MJRefreshNormalHeader.m in Sources */ = {isa = PBXBuildFile; fileRef = 84129A051E54579700151672 /* MJRefreshNormalHeader.m */; };
		84129A291E54579700151672 /* MJRefreshStateHeader.m in Sources */ = {isa = PBXBuildFile; fileRef = 84129A071E54579700151672 /* MJRefreshStateHeader.m */; };
		84129A2A1E54579700151672 /* MJRefresh.bundle in Resources */ = {isa = PBXBuildFile; fileRef = 84129A081E54579700151672 /* MJRefresh.bundle */; };
		84129A2B1E54579700151672 /* MJRefreshConst.m in Sources */ = {isa = PBXBuildFile; fileRef = 84129A0B1E54579700151672 /* MJRefreshConst.m */; };
		84129A2C1E54579700151672 /* NSBundle+MJRefresh.m in Sources */ = {isa = PBXBuildFile; fileRef = 84129A0D1E54579700151672 /* NSBundle+MJRefresh.m */; };
		84129A2D1E54579700151672 /* UIScrollView+MJExtension.m in Sources */ = {isa = PBXBuildFile; fileRef = 84129A0F1E54579700151672 /* UIScrollView+MJExtension.m */; };
		84129A2E1E54579700151672 /* UIScrollView+MJRefresh.m in Sources */ = {isa = PBXBuildFile; fileRef = 84129A111E54579700151672 /* UIScrollView+MJRefresh.m */; };
		84129A2F1E54579700151672 /* UIView+MJExtension.m in Sources */ = {isa = PBXBuildFile; fileRef = 84129A131E54579700151672 /* UIView+MJExtension.m */; };
		84129A301E54579700151672 /* MJTableBaseView.m in Sources */ = {isa = PBXBuildFile; fileRef = 84129A151E54579700151672 /* MJTableBaseView.m */; };
		84129A311E54579700151672 /* MJTableViewCell.m in Sources */ = {isa = PBXBuildFile; fileRef = 84129A171E54579700151672 /* MJTableViewCell.m */; };
		84129A321E54579700151672 /* MJTableViewController.m in Sources */ = {isa = PBXBuildFile; fileRef = 84129A191E54579700151672 /* MJTableViewController.m */; };
		84129A331E54579700151672 /* MJTableViewSection.m in Sources */ = {isa = PBXBuildFile; fileRef = 84129A1B1E54579700151672 /* MJTableViewSection.m */; };
		84183F261E84F5A200E4BCCE /* CAPSPageMenu.m in Sources */ = {isa = PBXBuildFile; fileRef = 84183F251E84F5A200E4BCCE /* CAPSPageMenu.m */; };
		84183F291E84F5D000E4BCCE /* TaskHomeController.m in Sources */ = {isa = PBXBuildFile; fileRef = 84183F281E84F5D000E4BCCE /* TaskHomeController.m */; };
		84343C311E559D42000E26C2 /* libPods-BestDriverTitan.a in Frameworks */ = {isa = PBXBuildFile; fileRef = 84343C2B1E559D42000E26C2 /* libPods-BestDriverTitan.a */; };
		843589281F0DE14800135991 /* FollowAnimateManager..m in Sources */ = {isa = PBXBuildFile; fileRef = 843589271F0DE14800135991 /* FollowAnimateManager..m */; };
		8439A1C41F25C9F500E629C8 /* AppVersion.m in Sources */ = {isa = PBXBuildFile; fileRef = 8439A1C31F25C9F500E629C8 /* AppVersion.m */; };
		8439A1C71F25CE2D00E629C8 /* VersionManager.m in Sources */ = {isa = PBXBuildFile; fileRef = 8439A1C61F25CE2D00E629C8 /* VersionManager.m */; };
		8439A1CC1F25D93300E629C8 /* LocalBundleManager.m in Sources */ = {isa = PBXBuildFile; fileRef = 8439A1CB1F25D93300E629C8 /* LocalBundleManager.m */; };
		84495C981DF113D90017D2CA /* NSString+YCI.m in Sources */ = {isa = PBXBuildFile; fileRef = 84495C901DF113D90017D2CA /* NSString+YCI.m */; };
		84495CA41DF117E40017D2CA /* LCTabBarBadge.m in Sources */ = {isa = PBXBuildFile; fileRef = 84495C9C1DF117E40017D2CA /* LCTabBarBadge.m */; };
		84495CA51DF117E40017D2CA /* GYTabBarController.m in Sources */ = {isa = PBXBuildFile; fileRef = 84495C9F1DF117E40017D2CA /* GYTabBarController.m */; };
		84495CA61DF117E40017D2CA /* GYTabBarItem.m in Sources */ = {isa = PBXBuildFile; fileRef = 84495CA11DF117E40017D2CA /* GYTabBarItem.m */; };
		84495CA71DF117E40017D2CA /* GYTabBarView.m in Sources */ = {isa = PBXBuildFile; fileRef = 84495CA31DF117E40017D2CA /* GYTabBarView.m */; };
		84495CAB1DF119DA0017D2CA /* DIYTabBarItem.m in Sources */ = {isa = PBXBuildFile; fileRef = 84495CAA1DF119DA0017D2CA /* DIYTabBarItem.m */; };
		84495CAF1DF11F2D0017D2CA /* demo_unicode.html in Resources */ = {isa = PBXBuildFile; fileRef = 84495CAD1DF11F2D0017D2CA /* demo_unicode.html */; };
		84495CB01DF11F2D0017D2CA /* iconfont.ttf in Resources */ = {isa = PBXBuildFile; fileRef = 84495CAE1DF11F2D0017D2CA /* iconfont.ttf */; };
		846217C41F15BCC100B2C46B /* TaskActivityView.m in Sources */ = {isa = PBXBuildFile; fileRef = 846217C31F15BCC100B2C46B /* TaskActivityView.m */; };
		846217C91F15CB7300B2C46B /* CustomPresentingController.m in Sources */ = {isa = PBXBuildFile; fileRef = 846217C81F15CB7300B2C46B /* CustomPresentingController.m */; };
		846217CC1F15CBDD00B2C46B /* CustomDismissingController.m in Sources */ = {isa = PBXBuildFile; fileRef = 846217CB1F15CBDD00B2C46B /* CustomDismissingController.m */; };
		846217CF1F15CC5A00B2C46B /* CustomModalViewController.m in Sources */ = {isa = PBXBuildFile; fileRef = 846217CE1F15CC5A00B2C46B /* CustomModalViewController.m */; };
		846217D21F15F10000B2C46B /* CustomPopModelView.m in Sources */ = {isa = PBXBuildFile; fileRef = 846217D11F15F10000B2C46B /* CustomPopModelView.m */; };
		846217D51F161DE000B2C46B /* ShipmentActivityBean.m in Sources */ = {isa = PBXBuildFile; fileRef = 846217D41F161DE000B2C46B /* ShipmentActivityBean.m */; };
		846217D71F1629C500B2C46B /* Config.m in Sources */ = {isa = PBXBuildFile; fileRef = 846217D61F1629C500B2C46B /* Config.m */; };
		8466666E1F2F1D950033D489 /* splashBackground.png in Resources */ = {isa = PBXBuildFile; fileRef = 8466666D1F2F1D950033D489 /* splashBackground.png */; };
		846666701F2F1DA80033D489 /* splashLogo.png in Resources */ = {isa = PBXBuildFile; fileRef = 8466666F1F2F1DA80033D489 /* splashLogo.png */; };
		846666721F2F21620033D489 /* CoreTelephony.framework in Frameworks */ = {isa = PBXBuildFile; fileRef = 846666711F2F21620033D489 /* CoreTelephony.framework */; };
		846666741F2F216E0033D489 /* OpenGLES.framework in Frameworks */ = {isa = PBXBuildFile; fileRef = 846666731F2F216E0033D489 /* OpenGLES.framework */; };
		846666761F2F21790033D489 /* CoreMotion.framework in Frameworks */ = {isa = PBXBuildFile; fileRef = 846666751F2F21790033D489 /* CoreMotion.framework */; };
		846666781F2F21830033D489 /* AudioToolbox.framework in Frameworks */ = {isa = PBXBuildFile; fileRef = 846666771F2F21830033D489 /* AudioToolbox.framework */; };
		8466667A1F2F218D0033D489 /* AVFoundation.framework in Frameworks */ = {isa = PBXBuildFile; fileRef = 846666791F2F218D0033D489 /* AVFoundation.framework */; };
		8466667C1F2F21950033D489 /* SystemConfiguration.framework in Frameworks */ = {isa = PBXBuildFile; fileRef = 8466667B1F2F21950033D489 /* SystemConfiguration.framework */; };
		846E88211E66ED7800A6C9B0 /* UIView+GY.m in Sources */ = {isa = PBXBuildFile; fileRef = 846E88201E66ED7800A6C9B0 /* UIView+GY.m */; };
		847278B01DF1715A00C1BACB /* DIYSplashViewModel.m in Sources */ = {isa = PBXBuildFile; fileRef = 847278AF1DF1715A00C1BACB /* DIYSplashViewModel.m */; };
		847278B41DF1763A00C1BACB /* NetRequestClass.m in Sources */ = {isa = PBXBuildFile; fileRef = 847278B31DF1763A00C1BACB /* NetRequestClass.m */; };
		847278B71DF1767300C1BACB /* BaseViewModel.m in Sources */ = {isa = PBXBuildFile; fileRef = 847278B61DF1767300C1BACB /* BaseViewModel.m */; };
		8478A2161E6407260076E8B4 /* TaskTripSection.m in Sources */ = {isa = PBXBuildFile; fileRef = 8478A2151E6407260076E8B4 /* TaskTripSection.m */; };
		8478A2191E641F300076E8B4 /* TaskTripCell.m in Sources */ = {isa = PBXBuildFile; fileRef = 8478A2181E641F300076E8B4 /* TaskTripCell.m */; };
		847C9C421F219CEB00C22C36 /* UserDefaultsUtils.m in Sources */ = {isa = PBXBuildFile; fileRef = 847C9C411F219CEB00C22C36 /* UserDefaultsUtils.m */; };
		847C9C461F21D84900C22C36 /* OwnerViewController.m in Sources */ = {isa = PBXBuildFile; fileRef = 847C9C451F21D84900C22C36 /* OwnerViewController.m */; };
		847C9C4D1F21E6E200C22C36 /* UserHomeController.m in Sources */ = {isa = PBXBuildFile; fileRef = 847C9C4C1F21E6E200C22C36 /* UserHomeController.m */; };
		847CF8F11F20565E00EB27EA /* NetConfig.m in Sources */ = {isa = PBXBuildFile; fileRef = 847CF8F01F20565D00EB27EA /* NetConfig.m */; };
		847CF8F41F209C1C00EB27EA /* HudManager.m in Sources */ = {isa = PBXBuildFile; fileRef = 847CF8F31F209C1C00EB27EA /* HudManager.m */; };
		847CF8F71F20B04200EB27EA /* User.m in Sources */ = {isa = PBXBuildFile; fileRef = 847CF8F61F20B04200EB27EA /* User.m */; };
		847CF8FA1F20B05A00EB27EA /* Titoken.m in Sources */ = {isa = PBXBuildFile; fileRef = 847CF8F91F20B05A00EB27EA /* Titoken.m */; };
		847F3E511F1F02BC00C21C6A /* Default-568h@2x.png.png in Resources */ = {isa = PBXBuildFile; fileRef = 847F3E4B1F1F02BC00C21C6A /* Default-568h@2x.png.png */; };
		847F3E521F1F02BC00C21C6A /* Default.png in Resources */ = {isa = PBXBuildFile; fileRef = 847F3E4C1F1F02BC00C21C6A /* Default.png */; };
		847F3E531F1F02BC00C21C6A /* Default@2x.png in Resources */ = {isa = PBXBuildFile; fileRef = 847F3E4D1F1F02BC00C21C6A /* Default@2x.png */; };
		847F3E541F1F02BC00C21C6A /* splashBackground2.jpg in Resources */ = {isa = PBXBuildFile; fileRef = 847F3E4F1F1F02BC00C21C6A /* splashBackground2.jpg */; };
		847F3E551F1F02BC00C21C6A /* splashLogo2.png in Resources */ = {isa = PBXBuildFile; fileRef = 847F3E501F1F02BC00C21C6A /* splashLogo2.png */; };
		847F3E591F1F412800C21C6A /* LoginViewController.m in Sources */ = {isa = PBXBuildFile; fileRef = 847F3E581F1F412800C21C6A /* LoginViewController.m */; };
		847F3E5D1F1F79DB00C21C6A /* LoginViewModel.m in Sources */ = {isa = PBXBuildFile; fileRef = 847F3E5C1F1F79DB00C21C6A /* LoginViewModel.m */; };
		84812A3F1E4C84C500E382F1 /* UIColor+HexExchange.m in Sources */ = {isa = PBXBuildFile; fileRef = 84812A3E1E4C84C500E382F1 /* UIColor+HexExchange.m */; };
		8485AA841F298F76002D27A6 /* FlatButton.m in Sources */ = {isa = PBXBuildFile; fileRef = 8485AA831F298F76002D27A6 /* FlatButton.m */; };
		849161CC1E34B10B0063CD80 /* TaskViewCell.m in Sources */ = {isa = PBXBuildFile; fileRef = 849161CB1E34B10B0063CD80 /* TaskViewCell.m */; };
		849161CF1E34B1C00063CD80 /* ShipmentBean.m in Sources */ = {isa = PBXBuildFile; fileRef = 849161CE1E34B1C00063CD80 /* ShipmentBean.m */; };
		84963C8E1F14CF0F00AA4617 /* ShipmentStopBean.m in Sources */ = {isa = PBXBuildFile; fileRef = 84963C8D1F14CF0F00AA4617 /* ShipmentStopBean.m */; };
		849740A91F0A459A008D3030 /* YYFPSLabel.m in Sources */ = {isa = PBXBuildFile; fileRef = 849740A61F0A459A008D3030 /* YYFPSLabel.m */; };
		849740AA1F0A459A008D3030 /* YYWeakProxy.m in Sources */ = {isa = PBXBuildFile; fileRef = 849740A81F0A459A008D3030 /* YYWeakProxy.m */; };
		84AF24991E94CE3C00AF200D /* DiyNumberAddView.m in Sources */ = {isa = PBXBuildFile; fileRef = 84AF24981E94CE3C00AF200D /* DiyNumberAddView.m */; };
		84AF249C1E94D88E00AF200D /* OrderNormalCell.m in Sources */ = {isa = PBXBuildFile; fileRef = 84AF249B1E94D88E00AF200D /* OrderNormalCell.m */; };
		84D1F8651E655E95007C1307 /* ASDisplayNode+GY.m in Sources */ = {isa = PBXBuildFile; fileRef = 84D1F8641E655E95007C1307 /* ASDisplayNode+GY.m */; };
		84D1F8681E6567DF007C1307 /* ASControlNode+GY.m in Sources */ = {isa = PBXBuildFile; fileRef = 84D1F8671E6567DF007C1307 /* ASControlNode+GY.m */; };
		84FF1A201DF7E3A2000AEBC0 /* UICreationUtils.m in Sources */ = {isa = PBXBuildFile; fileRef = 84FF1A1F1DF7E3A2000AEBC0 /* UICreationUtils.m */; };
		84FF1A241DF7EADE000AEBC0 /* UIArrowView.m in Sources */ = {isa = PBXBuildFile; fileRef = 84FF1A231DF7EADE000AEBC0 /* UIArrowView.m */; };
		A9CF264A1E5071B100D11B59 /* RoundRectNode.m in Sources */ = {isa = PBXBuildFile; fileRef = A9CF26491E5071B100D11B59 /* RoundRectNode.m */; };
		A9D2CF431E87A786000E7F8A /* OrderViewController.m in Sources */ = {isa = PBXBuildFile; fileRef = A9D2CF421E87A786000E7F8A /* OrderViewController.m */; };
		A9D2CF461E87AB08000E7F8A /* OrderTabView.m in Sources */ = {isa = PBXBuildFile; fileRef = A9D2CF451E87AB08000E7F8A /* OrderTabView.m */; };
		A9D2CF491E87E9C2000E7F8A /* OrderViewSection.m in Sources */ = {isa = PBXBuildFile; fileRef = A9D2CF481E87E9C2000E7F8A /* OrderViewSection.m */; };
		A9D6D35D1F24676D001E9C5A /* NormalSelectItem.m in Sources */ = {isa = PBXBuildFile; fileRef = A9D6D35C1F24676D001E9C5A /* NormalSelectItem.m */; };
		A9D9F49B1F11EC38000536F0 /* PopAnimateManager.m in Sources */ = {isa = PBXBuildFile; fileRef = A9D9F49A1F11EC38000536F0 /* PopAnimateManager.m */; };
		A9D9F49E1F11F36C000536F0 /* UIButton+Style.m in Sources */ = {isa = PBXBuildFile; fileRef = A9D9F49D1F11F36C000536F0 /* UIButton+Style.m */; };
		A9D9F4A11F11FC19000536F0 /* NSObject+MethodSwizzlingCategory.m in Sources */ = {isa = PBXBuildFile; fileRef = A9D9F4A01F11FC19000536F0 /* NSObject+MethodSwizzlingCategory.m */; };
/* End PBXBuildFile section */

/* Begin PBXCopyFilesBuildPhase section */
		A9E5AF611E4F03B3002E5384 /* Embed Frameworks */ = {
			isa = PBXCopyFilesBuildPhase;
			buildActionMask = 2147483647;
			dstPath = "";
			dstSubfolderSpec = 10;
			files = (
			);
			name = "Embed Frameworks";
			runOnlyForDeploymentPostprocessing = 0;
		};
/* End PBXCopyFilesBuildPhase section */

/* Begin PBXFileReference section */
		65C3945FDE96BB21B7C289B6 /* Pods-BestDriverTitan.release.xcconfig */ = {isa = PBXFileReference; includeInIndex = 1; lastKnownFileType = text.xcconfig; name = "Pods-BestDriverTitan.release.xcconfig"; path = "Pods/Target Support Files/Pods-BestDriverTitan/Pods-BestDriverTitan.release.xcconfig"; sourceTree = "<group>"; };
		8402EC241DF93CE1002B78D9 /* UIControl+TouchEffect.h */ = {isa = PBXFileReference; fileEncoding = 4; lastKnownFileType = sourcecode.c.h; path = "UIControl+TouchEffect.h"; sourceTree = "<group>"; };
		8402EC251DF93CE1002B78D9 /* UIControl+TouchEffect.m */ = {isa = PBXFileReference; fileEncoding = 4; lastKnownFileType = sourcecode.c.objc; path = "UIControl+TouchEffect.m"; sourceTree = "<group>"; };
		8402EC281DF94852002B78D9 /* TaskViewController.h */ = {isa = PBXFileReference; fileEncoding = 4; lastKnownFileType = sourcecode.c.h; path = TaskViewController.h; sourceTree = "<group>"; };
		8402EC291DF94852002B78D9 /* TaskViewController.m */ = {isa = PBXFileReference; fileEncoding = 4; lastKnownFileType = sourcecode.c.objc; path = TaskViewController.m; sourceTree = "<group>"; };
		8402EC7B1DF97D41002B78D9 /* TaskTripController.h */ = {isa = PBXFileReference; fileEncoding = 4; lastKnownFileType = sourcecode.c.h; path = TaskTripController.h; sourceTree = "<group>"; };
		8402EC7C1DF97D41002B78D9 /* TaskTripController.m */ = {isa = PBXFileReference; fileEncoding = 4; lastKnownFileType = sourcecode.c.objc; path = TaskTripController.m; sourceTree = "<group>"; };
		8407DF291DF1523300E47E73 /* SplashSourceView.h */ = {isa = PBXFileReference; fileEncoding = 4; lastKnownFileType = sourcecode.c.h; path = SplashSourceView.h; sourceTree = "<group>"; };
		8407DF2A1DF1523300E47E73 /* SplashSourceView.m */ = {isa = PBXFileReference; fileEncoding = 4; lastKnownFileType = sourcecode.c.objc; path = SplashSourceView.m; sourceTree = "<group>"; };
		8407DF2B1DF1523300E47E73 /* SplashViewController.h */ = {isa = PBXFileReference; fileEncoding = 4; lastKnownFileType = sourcecode.c.h; path = SplashViewController.h; sourceTree = "<group>"; };
		8407DF2C1DF1523300E47E73 /* SplashViewController.m */ = {isa = PBXFileReference; fileEncoding = 4; lastKnownFileType = sourcecode.c.objc; path = SplashViewController.m; sourceTree = "<group>"; };
		8407DF2F1DF1527E00E47E73 /* SplashSourceDaDa.h */ = {isa = PBXFileReference; fileEncoding = 4; lastKnownFileType = sourcecode.c.h; path = SplashSourceDaDa.h; sourceTree = "<group>"; };
		8407DF301DF1527E00E47E73 /* SplashSourceDaDa.m */ = {isa = PBXFileReference; fileEncoding = 4; lastKnownFileType = sourcecode.c.objc; path = SplashSourceDaDa.m; sourceTree = "<group>"; };
		8407DF321DF1539300E47E73 /* application.png */ = {isa = PBXFileReference; lastKnownFileType = image.png; path = application.png; sourceTree = "<group>"; };
		840DEDB31DF6B12900F19412 /* RootNavigationController.h */ = {isa = PBXFileReference; fileEncoding = 4; lastKnownFileType = sourcecode.c.h; path = RootNavigationController.h; sourceTree = "<group>"; };
		840DEDB41DF6B12900F19412 /* RootNavigationController.m */ = {isa = PBXFileReference; fileEncoding = 4; lastKnownFileType = sourcecode.c.objc; path = RootNavigationController.m; sourceTree = "<group>"; };
		840DEF661DED6E3100963524 /* BestDriverTitan.app */ = {isa = PBXFileReference; explicitFileType = wrapper.application; includeInIndex = 0; path = BestDriverTitan.app; sourceTree = BUILT_PRODUCTS_DIR; };
		840DEF6A1DED6E3100963524 /* main.m */ = {isa = PBXFileReference; lastKnownFileType = sourcecode.c.objc; path = main.m; sourceTree = "<group>"; };
		840DEF6C1DED6E3100963524 /* AppDelegate.h */ = {isa = PBXFileReference; lastKnownFileType = sourcecode.c.h; path = AppDelegate.h; sourceTree = "<group>"; };
		840DEF6D1DED6E3100963524 /* AppDelegate.m */ = {isa = PBXFileReference; lastKnownFileType = sourcecode.c.objc; path = AppDelegate.m; sourceTree = "<group>"; };
		840DEF6F1DED6E3100963524 /* ViewController.h */ = {isa = PBXFileReference; lastKnownFileType = sourcecode.c.h; path = ViewController.h; sourceTree = "<group>"; };
		840DEF701DED6E3100963524 /* ViewController.m */ = {isa = PBXFileReference; lastKnownFileType = sourcecode.c.objc; path = ViewController.m; sourceTree = "<group>"; };
		840DEF751DED6E3100963524 /* Assets.xcassets */ = {isa = PBXFileReference; lastKnownFileType = folder.assetcatalog; path = Assets.xcassets; sourceTree = "<group>"; };
		840DEF7A1DED6E3100963524 /* Info.plist */ = {isa = PBXFileReference; lastKnownFileType = text.plist.xml; path = Info.plist; sourceTree = "<group>"; };
		841299D91E542D0D00151672 /* DiyLicensePlateNode.h */ = {isa = PBXFileReference; fileEncoding = 4; lastKnownFileType = sourcecode.c.h; path = DiyLicensePlateNode.h; sourceTree = "<group>"; };
		841299DA1E542D0D00151672 /* DiyLicensePlateNode.m */ = {isa = PBXFileReference; fileEncoding = 4; lastKnownFileType = sourcecode.c.objc; path = DiyLicensePlateNode.m; sourceTree = "<group>"; };
		841299DC1E542E4300151672 /* CircleNode.h */ = {isa = PBXFileReference; fileEncoding = 4; lastKnownFileType = sourcecode.c.h; path = CircleNode.h; sourceTree = "<group>"; };
		841299DD1E542E4300151672 /* CircleNode.m */ = {isa = PBXFileReference; fileEncoding = 4; lastKnownFileType = sourcecode.c.objc; path = CircleNode.m; sourceTree = "<group>"; };
		841299E01E54489000151672 /* TaskViewSection.h */ = {isa = PBXFileReference; fileEncoding = 4; lastKnownFileType = sourcecode.c.h; path = TaskViewSection.h; sourceTree = "<group>"; };
		841299E11E54489000151672 /* TaskViewSection.m */ = {isa = PBXFileReference; fileEncoding = 4; lastKnownFileType = sourcecode.c.objc; path = TaskViewSection.m; sourceTree = "<group>"; };
		841299E71E54579700151672 /* MJRefreshAutoFooter.h */ = {isa = PBXFileReference; fileEncoding = 4; lastKnownFileType = sourcecode.c.h; path = MJRefreshAutoFooter.h; sourceTree = "<group>"; };
		841299E81E54579700151672 /* MJRefreshAutoFooter.m */ = {isa = PBXFileReference; fileEncoding = 4; lastKnownFileType = sourcecode.c.objc; path = MJRefreshAutoFooter.m; sourceTree = "<group>"; };
		841299E91E54579700151672 /* MJRefreshBackFooter.h */ = {isa = PBXFileReference; fileEncoding = 4; lastKnownFileType = sourcecode.c.h; path = MJRefreshBackFooter.h; sourceTree = "<group>"; };
		841299EA1E54579700151672 /* MJRefreshBackFooter.m */ = {isa = PBXFileReference; fileEncoding = 4; lastKnownFileType = sourcecode.c.objc; path = MJRefreshBackFooter.m; sourceTree = "<group>"; };
		841299EB1E54579700151672 /* MJRefreshComponent.h */ = {isa = PBXFileReference; fileEncoding = 4; lastKnownFileType = sourcecode.c.h; path = MJRefreshComponent.h; sourceTree = "<group>"; };
		841299EC1E54579700151672 /* MJRefreshComponent.m */ = {isa = PBXFileReference; fileEncoding = 4; lastKnownFileType = sourcecode.c.objc; path = MJRefreshComponent.m; sourceTree = "<group>"; };
		841299ED1E54579700151672 /* MJRefreshFooter.h */ = {isa = PBXFileReference; fileEncoding = 4; lastKnownFileType = sourcecode.c.h; path = MJRefreshFooter.h; sourceTree = "<group>"; };
		841299EE1E54579700151672 /* MJRefreshFooter.m */ = {isa = PBXFileReference; fileEncoding = 4; lastKnownFileType = sourcecode.c.objc; path = MJRefreshFooter.m; sourceTree = "<group>"; };
		841299EF1E54579700151672 /* MJRefreshHeader.h */ = {isa = PBXFileReference; fileEncoding = 4; lastKnownFileType = sourcecode.c.h; path = MJRefreshHeader.h; sourceTree = "<group>"; };
		841299F01E54579700151672 /* MJRefreshHeader.m */ = {isa = PBXFileReference; fileEncoding = 4; lastKnownFileType = sourcecode.c.objc; path = MJRefreshHeader.m; sourceTree = "<group>"; };
		841299F41E54579700151672 /* MJRefreshAutoGifFooter.h */ = {isa = PBXFileReference; fileEncoding = 4; lastKnownFileType = sourcecode.c.h; path = MJRefreshAutoGifFooter.h; sourceTree = "<group>"; };
		841299F51E54579700151672 /* MJRefreshAutoGifFooter.m */ = {isa = PBXFileReference; fileEncoding = 4; lastKnownFileType = sourcecode.c.objc; path = MJRefreshAutoGifFooter.m; sourceTree = "<group>"; };
		841299F61E54579700151672 /* MJRefreshAutoNormalFooter.h */ = {isa = PBXFileReference; fileEncoding = 4; lastKnownFileType = sourcecode.c.h; path = MJRefreshAutoNormalFooter.h; sourceTree = "<group>"; };
		841299F71E54579700151672 /* MJRefreshAutoNormalFooter.m */ = {isa = PBXFileReference; fileEncoding = 4; lastKnownFileType = sourcecode.c.objc; path = MJRefreshAutoNormalFooter.m; sourceTree = "<group>"; };
		841299F81E54579700151672 /* MJRefreshAutoStateFooter.h */ = {isa = PBXFileReference; fileEncoding = 4; lastKnownFileType = sourcecode.c.h; path = MJRefreshAutoStateFooter.h; sourceTree = "<group>"; };
		841299F91E54579700151672 /* MJRefreshAutoStateFooter.m */ = {isa = PBXFileReference; fileEncoding = 4; lastKnownFileType = sourcecode.c.objc; path = MJRefreshAutoStateFooter.m; sourceTree = "<group>"; };
		841299FB1E54579700151672 /* MJRefreshBackGifFooter.h */ = {isa = PBXFileReference; fileEncoding = 4; lastKnownFileType = sourcecode.c.h; path = MJRefreshBackGifFooter.h; sourceTree = "<group>"; };
		841299FC1E54579700151672 /* MJRefreshBackGifFooter.m */ = {isa = PBXFileReference; fileEncoding = 4; lastKnownFileType = sourcecode.c.objc; path = MJRefreshBackGifFooter.m; sourceTree = "<group>"; };
		841299FD1E54579700151672 /* MJRefreshBackNormalFooter.h */ = {isa = PBXFileReference; fileEncoding = 4; lastKnownFileType = sourcecode.c.h; path = MJRefreshBackNormalFooter.h; sourceTree = "<group>"; };
		841299FE1E54579700151672 /* MJRefreshBackNormalFooter.m */ = {isa = PBXFileReference; fileEncoding = 4; lastKnownFileType = sourcecode.c.objc; path = MJRefreshBackNormalFooter.m; sourceTree = "<group>"; };
		841299FF1E54579700151672 /* MJRefreshBackStateFooter.h */ = {isa = PBXFileReference; fileEncoding = 4; lastKnownFileType = sourcecode.c.h; path = MJRefreshBackStateFooter.h; sourceTree = "<group>"; };
		84129A001E54579700151672 /* MJRefreshBackStateFooter.m */ = {isa = PBXFileReference; fileEncoding = 4; lastKnownFileType = sourcecode.c.objc; path = MJRefreshBackStateFooter.m; sourceTree = "<group>"; };
		84129A021E54579700151672 /* MJRefreshGifHeader.h */ = {isa = PBXFileReference; fileEncoding = 4; lastKnownFileType = sourcecode.c.h; path = MJRefreshGifHeader.h; sourceTree = "<group>"; };
		84129A031E54579700151672 /* MJRefreshGifHeader.m */ = {isa = PBXFileReference; fileEncoding = 4; lastKnownFileType = sourcecode.c.objc; path = MJRefreshGifHeader.m; sourceTree = "<group>"; };
		84129A041E54579700151672 /* MJRefreshNormalHeader.h */ = {isa = PBXFileReference; fileEncoding = 4; lastKnownFileType = sourcecode.c.h; path = MJRefreshNormalHeader.h; sourceTree = "<group>"; };
		84129A051E54579700151672 /* MJRefreshNormalHeader.m */ = {isa = PBXFileReference; fileEncoding = 4; lastKnownFileType = sourcecode.c.objc; path = MJRefreshNormalHeader.m; sourceTree = "<group>"; };
		84129A061E54579700151672 /* MJRefreshStateHeader.h */ = {isa = PBXFileReference; fileEncoding = 4; lastKnownFileType = sourcecode.c.h; path = MJRefreshStateHeader.h; sourceTree = "<group>"; };
		84129A071E54579700151672 /* MJRefreshStateHeader.m */ = {isa = PBXFileReference; fileEncoding = 4; lastKnownFileType = sourcecode.c.objc; path = MJRefreshStateHeader.m; sourceTree = "<group>"; };
		84129A081E54579700151672 /* MJRefresh.bundle */ = {isa = PBXFileReference; lastKnownFileType = "wrapper.plug-in"; path = MJRefresh.bundle; sourceTree = "<group>"; };
		84129A091E54579700151672 /* MJRefresh.h */ = {isa = PBXFileReference; fileEncoding = 4; lastKnownFileType = sourcecode.c.h; path = MJRefresh.h; sourceTree = "<group>"; };
		84129A0A1E54579700151672 /* MJRefreshConst.h */ = {isa = PBXFileReference; fileEncoding = 4; lastKnownFileType = sourcecode.c.h; path = MJRefreshConst.h; sourceTree = "<group>"; };
		84129A0B1E54579700151672 /* MJRefreshConst.m */ = {isa = PBXFileReference; fileEncoding = 4; lastKnownFileType = sourcecode.c.objc; path = MJRefreshConst.m; sourceTree = "<group>"; };
		84129A0C1E54579700151672 /* NSBundle+MJRefresh.h */ = {isa = PBXFileReference; fileEncoding = 4; lastKnownFileType = sourcecode.c.h; path = "NSBundle+MJRefresh.h"; sourceTree = "<group>"; };
		84129A0D1E54579700151672 /* NSBundle+MJRefresh.m */ = {isa = PBXFileReference; fileEncoding = 4; lastKnownFileType = sourcecode.c.objc; path = "NSBundle+MJRefresh.m"; sourceTree = "<group>"; };
		84129A0E1E54579700151672 /* UIScrollView+MJExtension.h */ = {isa = PBXFileReference; fileEncoding = 4; lastKnownFileType = sourcecode.c.h; path = "UIScrollView+MJExtension.h"; sourceTree = "<group>"; };
		84129A0F1E54579700151672 /* UIScrollView+MJExtension.m */ = {isa = PBXFileReference; fileEncoding = 4; lastKnownFileType = sourcecode.c.objc; path = "UIScrollView+MJExtension.m"; sourceTree = "<group>"; };
		84129A101E54579700151672 /* UIScrollView+MJRefresh.h */ = {isa = PBXFileReference; fileEncoding = 4; lastKnownFileType = sourcecode.c.h; path = "UIScrollView+MJRefresh.h"; sourceTree = "<group>"; };
		84129A111E54579700151672 /* UIScrollView+MJRefresh.m */ = {isa = PBXFileReference; fileEncoding = 4; lastKnownFileType = sourcecode.c.objc; path = "UIScrollView+MJRefresh.m"; sourceTree = "<group>"; };
		84129A121E54579700151672 /* UIView+MJExtension.h */ = {isa = PBXFileReference; fileEncoding = 4; lastKnownFileType = sourcecode.c.h; path = "UIView+MJExtension.h"; sourceTree = "<group>"; };
		84129A131E54579700151672 /* UIView+MJExtension.m */ = {isa = PBXFileReference; fileEncoding = 4; lastKnownFileType = sourcecode.c.objc; path = "UIView+MJExtension.m"; sourceTree = "<group>"; };
		84129A141E54579700151672 /* MJTableBaseView.h */ = {isa = PBXFileReference; fileEncoding = 4; lastKnownFileType = sourcecode.c.h; path = MJTableBaseView.h; sourceTree = "<group>"; };
		84129A151E54579700151672 /* MJTableBaseView.m */ = {isa = PBXFileReference; fileEncoding = 4; lastKnownFileType = sourcecode.c.objc; path = MJTableBaseView.m; sourceTree = "<group>"; };
		84129A161E54579700151672 /* MJTableViewCell.h */ = {isa = PBXFileReference; fileEncoding = 4; lastKnownFileType = sourcecode.c.h; path = MJTableViewCell.h; sourceTree = "<group>"; };
		84129A171E54579700151672 /* MJTableViewCell.m */ = {isa = PBXFileReference; fileEncoding = 4; lastKnownFileType = sourcecode.c.objc; path = MJTableViewCell.m; sourceTree = "<group>"; };
		84129A181E54579700151672 /* MJTableViewController.h */ = {isa = PBXFileReference; fileEncoding = 4; lastKnownFileType = sourcecode.c.h; path = MJTableViewController.h; sourceTree = "<group>"; };
		84129A191E54579700151672 /* MJTableViewController.m */ = {isa = PBXFileReference; fileEncoding = 4; lastKnownFileType = sourcecode.c.objc; path = MJTableViewController.m; sourceTree = "<group>"; };
		84129A1A1E54579700151672 /* MJTableViewSection.h */ = {isa = PBXFileReference; fileEncoding = 4; lastKnownFileType = sourcecode.c.h; path = MJTableViewSection.h; sourceTree = "<group>"; };
		84129A1B1E54579700151672 /* MJTableViewSection.m */ = {isa = PBXFileReference; fileEncoding = 4; lastKnownFileType = sourcecode.c.objc; path = MJTableViewSection.m; sourceTree = "<group>"; };
		84183F241E84F5A200E4BCCE /* CAPSPageMenu.h */ = {isa = PBXFileReference; fileEncoding = 4; lastKnownFileType = sourcecode.c.h; path = CAPSPageMenu.h; sourceTree = "<group>"; };
		84183F251E84F5A200E4BCCE /* CAPSPageMenu.m */ = {isa = PBXFileReference; fileEncoding = 4; lastKnownFileType = sourcecode.c.objc; path = CAPSPageMenu.m; sourceTree = "<group>"; };
		84183F271E84F5D000E4BCCE /* TaskHomeController.h */ = {isa = PBXFileReference; fileEncoding = 4; lastKnownFileType = sourcecode.c.h; path = TaskHomeController.h; sourceTree = "<group>"; };
		84183F281E84F5D000E4BCCE /* TaskHomeController.m */ = {isa = PBXFileReference; fileEncoding = 4; lastKnownFileType = sourcecode.c.objc; path = TaskHomeController.m; sourceTree = "<group>"; };
		84343C271E559D42000E26C2 /* libAFNetworking.a */ = {isa = PBXFileReference; lastKnownFileType = archive.ar; name = libAFNetworking.a; path = "Pods/../build/Debug-iphoneos/AFNetworking/libAFNetworking.a"; sourceTree = "<group>"; };
		84343C281E559D42000E26C2 /* libAsyncDisplayKit.a */ = {isa = PBXFileReference; lastKnownFileType = archive.ar; name = libAsyncDisplayKit.a; path = "Pods/../build/Debug-iphoneos/AsyncDisplayKit/libAsyncDisplayKit.a"; sourceTree = "<group>"; };
		84343C291E559D42000E26C2 /* libChameleonFramework.a */ = {isa = PBXFileReference; lastKnownFileType = archive.ar; name = libChameleonFramework.a; path = "Pods/../build/Debug-iphoneos/ChameleonFramework/libChameleonFramework.a"; sourceTree = "<group>"; };
		84343C2A1E559D42000E26C2 /* libMMDrawerController.a */ = {isa = PBXFileReference; lastKnownFileType = archive.ar; name = libMMDrawerController.a; path = "Pods/../build/Debug-iphoneos/MMDrawerController/libMMDrawerController.a"; sourceTree = "<group>"; };
		84343C2B1E559D42000E26C2 /* libPods-BestDriverTitan.a */ = {isa = PBXFileReference; lastKnownFileType = archive.ar; name = "libPods-BestDriverTitan.a"; path = "Pods/../build/Debug-iphoneos/libPods-BestDriverTitan.a"; sourceTree = "<group>"; };
		84343C2C1E559D42000E26C2 /* libSVProgressHUD.a */ = {isa = PBXFileReference; lastKnownFileType = archive.ar; name = libSVProgressHUD.a; path = "Pods/../build/Debug-iphoneos/SVProgressHUD/libSVProgressHUD.a"; sourceTree = "<group>"; };
		843589261F0DE14800135991 /* FollowAnimateManager.h */ = {isa = PBXFileReference; fileEncoding = 4; lastKnownFileType = sourcecode.c.h; path = FollowAnimateManager.h; sourceTree = "<group>"; };
		843589271F0DE14800135991 /* FollowAnimateManager..m */ = {isa = PBXFileReference; fileEncoding = 4; lastKnownFileType = sourcecode.c.objc; path = FollowAnimateManager..m; sourceTree = "<group>"; };
		8439A1C21F25C9F500E629C8 /* AppVersion.h */ = {isa = PBXFileReference; fileEncoding = 4; lastKnownFileType = sourcecode.c.h; path = AppVersion.h; sourceTree = "<group>"; };
		8439A1C31F25C9F500E629C8 /* AppVersion.m */ = {isa = PBXFileReference; fileEncoding = 4; lastKnownFileType = sourcecode.c.objc; path = AppVersion.m; sourceTree = "<group>"; };
		8439A1C51F25CE2D00E629C8 /* VersionManager.h */ = {isa = PBXFileReference; fileEncoding = 4; lastKnownFileType = sourcecode.c.h; path = VersionManager.h; sourceTree = "<group>"; };
		8439A1C61F25CE2D00E629C8 /* VersionManager.m */ = {isa = PBXFileReference; fileEncoding = 4; lastKnownFileType = sourcecode.c.objc; path = VersionManager.m; sourceTree = "<group>"; };
		8439A1CA1F25D93300E629C8 /* LocalBundleManager.h */ = {isa = PBXFileReference; fileEncoding = 4; lastKnownFileType = sourcecode.c.h; path = LocalBundleManager.h; sourceTree = "<group>"; };
		8439A1CB1F25D93300E629C8 /* LocalBundleManager.m */ = {isa = PBXFileReference; fileEncoding = 4; lastKnownFileType = sourcecode.c.objc; path = LocalBundleManager.m; sourceTree = "<group>"; };
		84495C8E1DF113D90017D2CA /* Config.h */ = {isa = PBXFileReference; fileEncoding = 4; lastKnownFileType = sourcecode.c.h; path = Config.h; sourceTree = "<group>"; };
		84495C8F1DF113D90017D2CA /* NSString+YCI.h */ = {isa = PBXFileReference; fileEncoding = 4; lastKnownFileType = sourcecode.c.h; path = "NSString+YCI.h"; sourceTree = "<group>"; };
		84495C901DF113D90017D2CA /* NSString+YCI.m */ = {isa = PBXFileReference; fileEncoding = 4; lastKnownFileType = sourcecode.c.objc; path = "NSString+YCI.m"; sourceTree = "<group>"; };
		84495C911DF113D90017D2CA /* PrefixHeader.pch */ = {isa = PBXFileReference; fileEncoding = 4; lastKnownFileType = sourcecode.c.h; path = PrefixHeader.pch; sourceTree = "<group>"; };
		84495C9B1DF117E40017D2CA /* LCTabBarBadge.h */ = {isa = PBXFileReference; fileEncoding = 4; lastKnownFileType = sourcecode.c.h; path = LCTabBarBadge.h; sourceTree = "<group>"; };
		84495C9C1DF117E40017D2CA /* LCTabBarBadge.m */ = {isa = PBXFileReference; fileEncoding = 4; lastKnownFileType = sourcecode.c.objc; path = LCTabBarBadge.m; sourceTree = "<group>"; };
		84495C9E1DF117E40017D2CA /* GYTabBarController.h */ = {isa = PBXFileReference; fileEncoding = 4; lastKnownFileType = sourcecode.c.h; path = GYTabBarController.h; sourceTree = "<group>"; };
		84495C9F1DF117E40017D2CA /* GYTabBarController.m */ = {isa = PBXFileReference; fileEncoding = 4; lastKnownFileType = sourcecode.c.objc; path = GYTabBarController.m; sourceTree = "<group>"; };
		84495CA01DF117E40017D2CA /* GYTabBarItem.h */ = {isa = PBXFileReference; fileEncoding = 4; lastKnownFileType = sourcecode.c.h; path = GYTabBarItem.h; sourceTree = "<group>"; };
		84495CA11DF117E40017D2CA /* GYTabBarItem.m */ = {isa = PBXFileReference; fileEncoding = 4; lastKnownFileType = sourcecode.c.objc; path = GYTabBarItem.m; sourceTree = "<group>"; };
		84495CA21DF117E40017D2CA /* GYTabBarView.h */ = {isa = PBXFileReference; fileEncoding = 4; lastKnownFileType = sourcecode.c.h; path = GYTabBarView.h; sourceTree = "<group>"; };
		84495CA31DF117E40017D2CA /* GYTabBarView.m */ = {isa = PBXFileReference; fileEncoding = 4; lastKnownFileType = sourcecode.c.objc; path = GYTabBarView.m; sourceTree = "<group>"; };
		84495CA91DF119DA0017D2CA /* DIYTabBarItem.h */ = {isa = PBXFileReference; fileEncoding = 4; lastKnownFileType = sourcecode.c.h; path = DIYTabBarItem.h; sourceTree = "<group>"; };
		84495CAA1DF119DA0017D2CA /* DIYTabBarItem.m */ = {isa = PBXFileReference; fileEncoding = 4; lastKnownFileType = sourcecode.c.objc; path = DIYTabBarItem.m; sourceTree = "<group>"; };
		84495CAD1DF11F2D0017D2CA /* demo_unicode.html */ = {isa = PBXFileReference; fileEncoding = 4; lastKnownFileType = text.html; path = demo_unicode.html; sourceTree = "<group>"; };
		84495CAE1DF11F2D0017D2CA /* iconfont.ttf */ = {isa = PBXFileReference; lastKnownFileType = file; path = iconfont.ttf; sourceTree = "<group>"; };
		846217C21F15BCC100B2C46B /* TaskActivityView.h */ = {isa = PBXFileReference; fileEncoding = 4; lastKnownFileType = sourcecode.c.h; path = TaskActivityView.h; sourceTree = "<group>"; };
		846217C31F15BCC100B2C46B /* TaskActivityView.m */ = {isa = PBXFileReference; fileEncoding = 4; lastKnownFileType = sourcecode.c.objc; path = TaskActivityView.m; sourceTree = "<group>"; };
		846217C71F15CB7300B2C46B /* CustomPresentingController.h */ = {isa = PBXFileReference; fileEncoding = 4; lastKnownFileType = sourcecode.c.h; path = CustomPresentingController.h; sourceTree = "<group>"; };
		846217C81F15CB7300B2C46B /* CustomPresentingController.m */ = {isa = PBXFileReference; fileEncoding = 4; lastKnownFileType = sourcecode.c.objc; path = CustomPresentingController.m; sourceTree = "<group>"; };
		846217CA1F15CBDD00B2C46B /* CustomDismissingController.h */ = {isa = PBXFileReference; fileEncoding = 4; lastKnownFileType = sourcecode.c.h; path = CustomDismissingController.h; sourceTree = "<group>"; };
		846217CB1F15CBDD00B2C46B /* CustomDismissingController.m */ = {isa = PBXFileReference; fileEncoding = 4; lastKnownFileType = sourcecode.c.objc; path = CustomDismissingController.m; sourceTree = "<group>"; };
		846217CD1F15CC5A00B2C46B /* CustomModalViewController.h */ = {isa = PBXFileReference; fileEncoding = 4; lastKnownFileType = sourcecode.c.h; path = CustomModalViewController.h; sourceTree = "<group>"; };
		846217CE1F15CC5A00B2C46B /* CustomModalViewController.m */ = {isa = PBXFileReference; fileEncoding = 4; lastKnownFileType = sourcecode.c.objc; path = CustomModalViewController.m; sourceTree = "<group>"; };
		846217D01F15F10000B2C46B /* CustomPopModelView.h */ = {isa = PBXFileReference; fileEncoding = 4; lastKnownFileType = sourcecode.c.h; path = CustomPopModelView.h; sourceTree = "<group>"; };
		846217D11F15F10000B2C46B /* CustomPopModelView.m */ = {isa = PBXFileReference; fileEncoding = 4; lastKnownFileType = sourcecode.c.objc; path = CustomPopModelView.m; sourceTree = "<group>"; };
		846217D31F161DE000B2C46B /* ShipmentActivityBean.h */ = {isa = PBXFileReference; fileEncoding = 4; lastKnownFileType = sourcecode.c.h; path = ShipmentActivityBean.h; sourceTree = "<group>"; };
		846217D41F161DE000B2C46B /* ShipmentActivityBean.m */ = {isa = PBXFileReference; fileEncoding = 4; lastKnownFileType = sourcecode.c.objc; path = ShipmentActivityBean.m; sourceTree = "<group>"; };
		846217D61F1629C500B2C46B /* Config.m */ = {isa = PBXFileReference; fileEncoding = 4; lastKnownFileType = sourcecode.c.objc; path = Config.m; sourceTree = "<group>"; };
		8466666D1F2F1D950033D489 /* splashBackground.png */ = {isa = PBXFileReference; lastKnownFileType = image.png; path = splashBackground.png; sourceTree = "<group>"; };
		8466666F1F2F1DA80033D489 /* splashLogo.png */ = {isa = PBXFileReference; lastKnownFileType = image.png; path = splashLogo.png; sourceTree = "<group>"; };
		846666711F2F21620033D489 /* CoreTelephony.framework */ = {isa = PBXFileReference; lastKnownFileType = wrapper.framework; name = CoreTelephony.framework; path = System/Library/Frameworks/CoreTelephony.framework; sourceTree = SDKROOT; };
		846666731F2F216E0033D489 /* OpenGLES.framework */ = {isa = PBXFileReference; lastKnownFileType = wrapper.framework; name = OpenGLES.framework; path = System/Library/Frameworks/OpenGLES.framework; sourceTree = SDKROOT; };
		846666751F2F21790033D489 /* CoreMotion.framework */ = {isa = PBXFileReference; lastKnownFileType = wrapper.framework; name = CoreMotion.framework; path = System/Library/Frameworks/CoreMotion.framework; sourceTree = SDKROOT; };
		846666771F2F21830033D489 /* AudioToolbox.framework */ = {isa = PBXFileReference; lastKnownFileType = wrapper.framework; name = AudioToolbox.framework; path = System/Library/Frameworks/AudioToolbox.framework; sourceTree = SDKROOT; };
		846666791F2F218D0033D489 /* AVFoundation.framework */ = {isa = PBXFileReference; lastKnownFileType = wrapper.framework; name = AVFoundation.framework; path = System/Library/Frameworks/AVFoundation.framework; sourceTree = SDKROOT; };
		8466667B1F2F21950033D489 /* SystemConfiguration.framework */ = {isa = PBXFileReference; lastKnownFileType = wrapper.framework; name = SystemConfiguration.framework; path = System/Library/Frameworks/SystemConfiguration.framework; sourceTree = SDKROOT; };
		846E881F1E66ED7800A6C9B0 /* UIView+GY.h */ = {isa = PBXFileReference; fileEncoding = 4; lastKnownFileType = sourcecode.c.h; path = "UIView+GY.h"; sourceTree = "<group>"; };
		846E88201E66ED7800A6C9B0 /* UIView+GY.m */ = {isa = PBXFileReference; fileEncoding = 4; lastKnownFileType = sourcecode.c.objc; path = "UIView+GY.m"; sourceTree = "<group>"; };
		847278AE1DF1715A00C1BACB /* DIYSplashViewModel.h */ = {isa = PBXFileReference; fileEncoding = 4; lastKnownFileType = sourcecode.c.h; path = DIYSplashViewModel.h; sourceTree = "<group>"; };
		847278AF1DF1715A00C1BACB /* DIYSplashViewModel.m */ = {isa = PBXFileReference; fileEncoding = 4; lastKnownFileType = sourcecode.c.objc; path = DIYSplashViewModel.m; sourceTree = "<group>"; };
		847278B21DF1763A00C1BACB /* NetRequestClass.h */ = {isa = PBXFileReference; fileEncoding = 4; lastKnownFileType = sourcecode.c.h; path = NetRequestClass.h; sourceTree = "<group>"; };
		847278B31DF1763A00C1BACB /* NetRequestClass.m */ = {isa = PBXFileReference; fileEncoding = 4; lastKnownFileType = sourcecode.c.objc; path = NetRequestClass.m; sourceTree = "<group>"; };
		847278B51DF1767300C1BACB /* BaseViewModel.h */ = {isa = PBXFileReference; fileEncoding = 4; lastKnownFileType = sourcecode.c.h; path = BaseViewModel.h; sourceTree = "<group>"; };
		847278B61DF1767300C1BACB /* BaseViewModel.m */ = {isa = PBXFileReference; fileEncoding = 4; lastKnownFileType = sourcecode.c.objc; path = BaseViewModel.m; sourceTree = "<group>"; };
		8478A2141E6407260076E8B4 /* TaskTripSection.h */ = {isa = PBXFileReference; fileEncoding = 4; lastKnownFileType = sourcecode.c.h; path = TaskTripSection.h; sourceTree = "<group>"; };
		8478A2151E6407260076E8B4 /* TaskTripSection.m */ = {isa = PBXFileReference; fileEncoding = 4; lastKnownFileType = sourcecode.c.objc; path = TaskTripSection.m; sourceTree = "<group>"; };
		8478A2171E641F300076E8B4 /* TaskTripCell.h */ = {isa = PBXFileReference; fileEncoding = 4; lastKnownFileType = sourcecode.c.h; path = TaskTripCell.h; sourceTree = "<group>"; };
		8478A2181E641F300076E8B4 /* TaskTripCell.m */ = {isa = PBXFileReference; fileEncoding = 4; lastKnownFileType = sourcecode.c.objc; path = TaskTripCell.m; sourceTree = "<group>"; };
		847C9C401F219CEB00C22C36 /* UserDefaultsUtils.h */ = {isa = PBXFileReference; fileEncoding = 4; lastKnownFileType = sourcecode.c.h; path = UserDefaultsUtils.h; sourceTree = "<group>"; };
		847C9C411F219CEB00C22C36 /* UserDefaultsUtils.m */ = {isa = PBXFileReference; fileEncoding = 4; lastKnownFileType = sourcecode.c.objc; path = UserDefaultsUtils.m; sourceTree = "<group>"; };
		847C9C441F21D84900C22C36 /* OwnerViewController.h */ = {isa = PBXFileReference; fileEncoding = 4; lastKnownFileType = sourcecode.c.h; path = OwnerViewController.h; sourceTree = "<group>"; };
		847C9C451F21D84900C22C36 /* OwnerViewController.m */ = {isa = PBXFileReference; fileEncoding = 4; lastKnownFileType = sourcecode.c.objc; path = OwnerViewController.m; sourceTree = "<group>"; };
		847C9C4B1F21E6E200C22C36 /* UserHomeController.h */ = {isa = PBXFileReference; fileEncoding = 4; lastKnownFileType = sourcecode.c.h; path = UserHomeController.h; sourceTree = "<group>"; };
		847C9C4C1F21E6E200C22C36 /* UserHomeController.m */ = {isa = PBXFileReference; fileEncoding = 4; lastKnownFileType = sourcecode.c.objc; path = UserHomeController.m; sourceTree = "<group>"; };
		847CF8EF1F20565D00EB27EA /* NetConfig.h */ = {isa = PBXFileReference; fileEncoding = 4; lastKnownFileType = sourcecode.c.h; path = NetConfig.h; sourceTree = "<group>"; };
		847CF8F01F20565D00EB27EA /* NetConfig.m */ = {isa = PBXFileReference; fileEncoding = 4; lastKnownFileType = sourcecode.c.objc; path = NetConfig.m; sourceTree = "<group>"; };
		847CF8F21F209C1C00EB27EA /* HudManager.h */ = {isa = PBXFileReference; fileEncoding = 4; lastKnownFileType = sourcecode.c.h; path = HudManager.h; sourceTree = "<group>"; };
		847CF8F31F209C1C00EB27EA /* HudManager.m */ = {isa = PBXFileReference; fileEncoding = 4; lastKnownFileType = sourcecode.c.objc; path = HudManager.m; sourceTree = "<group>"; };
		847CF8F51F20B04200EB27EA /* User.h */ = {isa = PBXFileReference; fileEncoding = 4; lastKnownFileType = sourcecode.c.h; path = User.h; sourceTree = "<group>"; };
		847CF8F61F20B04200EB27EA /* User.m */ = {isa = PBXFileReference; fileEncoding = 4; lastKnownFileType = sourcecode.c.objc; path = User.m; sourceTree = "<group>"; };
		847CF8F81F20B05A00EB27EA /* Titoken.h */ = {isa = PBXFileReference; fileEncoding = 4; lastKnownFileType = sourcecode.c.h; path = Titoken.h; sourceTree = "<group>"; };
		847CF8F91F20B05A00EB27EA /* Titoken.m */ = {isa = PBXFileReference; fileEncoding = 4; lastKnownFileType = sourcecode.c.objc; path = Titoken.m; sourceTree = "<group>"; };
		847F3E4B1F1F02BC00C21C6A /* Default-568h@2x.png.png */ = {isa = PBXFileReference; lastKnownFileType = image.png; path = "Default-568h@2x.png.png"; sourceTree = "<group>"; };
		847F3E4C1F1F02BC00C21C6A /* Default.png */ = {isa = PBXFileReference; lastKnownFileType = image.png; path = Default.png; sourceTree = "<group>"; };
		847F3E4D1F1F02BC00C21C6A /* Default@2x.png */ = {isa = PBXFileReference; lastKnownFileType = image.png; path = "Default@2x.png"; sourceTree = "<group>"; };
		847F3E4F1F1F02BC00C21C6A /* splashBackground2.jpg */ = {isa = PBXFileReference; lastKnownFileType = image.jpeg; path = splashBackground2.jpg; sourceTree = "<group>"; };
		847F3E501F1F02BC00C21C6A /* splashLogo2.png */ = {isa = PBXFileReference; lastKnownFileType = image.png; path = splashLogo2.png; sourceTree = "<group>"; };
		847F3E571F1F412800C21C6A /* LoginViewController.h */ = {isa = PBXFileReference; fileEncoding = 4; lastKnownFileType = sourcecode.c.h; path = LoginViewController.h; sourceTree = "<group>"; };
		847F3E581F1F412800C21C6A /* LoginViewController.m */ = {isa = PBXFileReference; fileEncoding = 4; lastKnownFileType = sourcecode.c.objc; path = LoginViewController.m; sourceTree = "<group>"; };
		847F3E5B1F1F79DB00C21C6A /* LoginViewModel.h */ = {isa = PBXFileReference; fileEncoding = 4; lastKnownFileType = sourcecode.c.h; path = LoginViewModel.h; sourceTree = "<group>"; };
		847F3E5C1F1F79DB00C21C6A /* LoginViewModel.m */ = {isa = PBXFileReference; fileEncoding = 4; lastKnownFileType = sourcecode.c.objc; path = LoginViewModel.m; sourceTree = "<group>"; };
		84812A3D1E4C84C500E382F1 /* UIColor+HexExchange.h */ = {isa = PBXFileReference; fileEncoding = 4; lastKnownFileType = sourcecode.c.h; path = "UIColor+HexExchange.h"; sourceTree = "<group>"; };
		84812A3E1E4C84C500E382F1 /* UIColor+HexExchange.m */ = {isa = PBXFileReference; fileEncoding = 4; lastKnownFileType = sourcecode.c.objc; path = "UIColor+HexExchange.m"; sourceTree = "<group>"; };
		8485AA821F298F76002D27A6 /* FlatButton.h */ = {isa = PBXFileReference; fileEncoding = 4; lastKnownFileType = sourcecode.c.h; path = FlatButton.h; sourceTree = "<group>"; };
		8485AA831F298F76002D27A6 /* FlatButton.m */ = {isa = PBXFileReference; fileEncoding = 4; lastKnownFileType = sourcecode.c.objc; path = FlatButton.m; sourceTree = "<group>"; };
		849161C11E34AA680063CD80 /* AsyncDisplayKit.framework */ = {isa = PBXFileReference; lastKnownFileType = wrapper.framework; name = AsyncDisplayKit.framework; path = "../../AsyncDisplayKit-master/build/Debug-iphoneos/AsyncDisplayKit.framework"; sourceTree = "<group>"; };
		849161C31E34AA7E0063CD80 /* AsyncDisplayKit.framework */ = {isa = PBXFileReference; lastKnownFileType = wrapper.framework; name = AsyncDisplayKit.framework; path = "../../AsyncDisplayKit-master/build/Debug-iphoneos/AsyncDisplayKit.framework"; sourceTree = "<group>"; };
		849161CA1E34B10B0063CD80 /* TaskViewCell.h */ = {isa = PBXFileReference; fileEncoding = 4; lastKnownFileType = sourcecode.c.h; path = TaskViewCell.h; sourceTree = "<group>"; };
		849161CB1E34B10B0063CD80 /* TaskViewCell.m */ = {isa = PBXFileReference; fileEncoding = 4; lastKnownFileType = sourcecode.c.objc; path = TaskViewCell.m; sourceTree = "<group>"; };
		849161CD1E34B1C00063CD80 /* ShipmentBean.h */ = {isa = PBXFileReference; fileEncoding = 4; lastKnownFileType = sourcecode.c.h; path = ShipmentBean.h; sourceTree = "<group>"; };
		849161CE1E34B1C00063CD80 /* ShipmentBean.m */ = {isa = PBXFileReference; fileEncoding = 4; lastKnownFileType = sourcecode.c.objc; path = ShipmentBean.m; sourceTree = "<group>"; };
		84963C8C1F14CF0F00AA4617 /* ShipmentStopBean.h */ = {isa = PBXFileReference; fileEncoding = 4; lastKnownFileType = sourcecode.c.h; path = ShipmentStopBean.h; sourceTree = "<group>"; };
		84963C8D1F14CF0F00AA4617 /* ShipmentStopBean.m */ = {isa = PBXFileReference; fileEncoding = 4; lastKnownFileType = sourcecode.c.objc; path = ShipmentStopBean.m; sourceTree = "<group>"; };
		849740A51F0A459A008D3030 /* YYFPSLabel.h */ = {isa = PBXFileReference; fileEncoding = 4; lastKnownFileType = sourcecode.c.h; path = YYFPSLabel.h; sourceTree = "<group>"; };
		849740A61F0A459A008D3030 /* YYFPSLabel.m */ = {isa = PBXFileReference; fileEncoding = 4; lastKnownFileType = sourcecode.c.objc; path = YYFPSLabel.m; sourceTree = "<group>"; };
		849740A71F0A459A008D3030 /* YYWeakProxy.h */ = {isa = PBXFileReference; fileEncoding = 4; lastKnownFileType = sourcecode.c.h; path = YYWeakProxy.h; sourceTree = "<group>"; };
		849740A81F0A459A008D3030 /* YYWeakProxy.m */ = {isa = PBXFileReference; fileEncoding = 4; lastKnownFileType = sourcecode.c.objc; path = YYWeakProxy.m; sourceTree = "<group>"; };
		84AF24971E94CE3C00AF200D /* DiyNumberAddView.h */ = {isa = PBXFileReference; fileEncoding = 4; lastKnownFileType = sourcecode.c.h; path = DiyNumberAddView.h; sourceTree = "<group>"; };
		84AF24981E94CE3C00AF200D /* DiyNumberAddView.m */ = {isa = PBXFileReference; fileEncoding = 4; lastKnownFileType = sourcecode.c.objc; path = DiyNumberAddView.m; sourceTree = "<group>"; };
		84AF249A1E94D88E00AF200D /* OrderNormalCell.h */ = {isa = PBXFileReference; fileEncoding = 4; lastKnownFileType = sourcecode.c.h; path = OrderNormalCell.h; sourceTree = "<group>"; };
		84AF249B1E94D88E00AF200D /* OrderNormalCell.m */ = {isa = PBXFileReference; fileEncoding = 4; lastKnownFileType = sourcecode.c.objc; path = OrderNormalCell.m; sourceTree = "<group>"; };
		84D1F8631E655E95007C1307 /* ASDisplayNode+GY.h */ = {isa = PBXFileReference; fileEncoding = 4; lastKnownFileType = sourcecode.c.h; path = "ASDisplayNode+GY.h"; sourceTree = "<group>"; };
		84D1F8641E655E95007C1307 /* ASDisplayNode+GY.m */ = {isa = PBXFileReference; fileEncoding = 4; lastKnownFileType = sourcecode.c.objc; path = "ASDisplayNode+GY.m"; sourceTree = "<group>"; };
		84D1F8661E6567DF007C1307 /* ASControlNode+GY.h */ = {isa = PBXFileReference; fileEncoding = 4; lastKnownFileType = sourcecode.c.h; path = "ASControlNode+GY.h"; sourceTree = "<group>"; };
		84D1F8671E6567DF007C1307 /* ASControlNode+GY.m */ = {isa = PBXFileReference; fileEncoding = 4; lastKnownFileType = sourcecode.c.objc; path = "ASControlNode+GY.m"; sourceTree = "<group>"; };
		84FF1A1E1DF7E3A2000AEBC0 /* UICreationUtils.h */ = {isa = PBXFileReference; fileEncoding = 4; lastKnownFileType = sourcecode.c.h; path = UICreationUtils.h; sourceTree = "<group>"; };
		84FF1A1F1DF7E3A2000AEBC0 /* UICreationUtils.m */ = {isa = PBXFileReference; fileEncoding = 4; lastKnownFileType = sourcecode.c.objc; path = UICreationUtils.m; sourceTree = "<group>"; };
		84FF1A221DF7EADE000AEBC0 /* UIArrowView.h */ = {isa = PBXFileReference; fileEncoding = 4; lastKnownFileType = sourcecode.c.h; path = UIArrowView.h; sourceTree = "<group>"; };
		84FF1A231DF7EADE000AEBC0 /* UIArrowView.m */ = {isa = PBXFileReference; fileEncoding = 4; lastKnownFileType = sourcecode.c.objc; path = UIArrowView.m; sourceTree = "<group>"; };
		A9CF26481E5071B100D11B59 /* RoundRectNode.h */ = {isa = PBXFileReference; fileEncoding = 4; lastKnownFileType = sourcecode.c.h; path = RoundRectNode.h; sourceTree = "<group>"; };
		A9CF26491E5071B100D11B59 /* RoundRectNode.m */ = {isa = PBXFileReference; fileEncoding = 4; lastKnownFileType = sourcecode.c.objc; path = RoundRectNode.m; sourceTree = "<group>"; };
		A9D2CF411E87A786000E7F8A /* OrderViewController.h */ = {isa = PBXFileReference; fileEncoding = 4; lastKnownFileType = sourcecode.c.h; path = OrderViewController.h; sourceTree = "<group>"; };
		A9D2CF421E87A786000E7F8A /* OrderViewController.m */ = {isa = PBXFileReference; fileEncoding = 4; lastKnownFileType = sourcecode.c.objc; path = OrderViewController.m; sourceTree = "<group>"; };
		A9D2CF441E87AB08000E7F8A /* OrderTabView.h */ = {isa = PBXFileReference; fileEncoding = 4; lastKnownFileType = sourcecode.c.h; path = OrderTabView.h; sourceTree = "<group>"; };
		A9D2CF451E87AB08000E7F8A /* OrderTabView.m */ = {isa = PBXFileReference; fileEncoding = 4; lastKnownFileType = sourcecode.c.objc; path = OrderTabView.m; sourceTree = "<group>"; };
		A9D2CF471E87E9C2000E7F8A /* OrderViewSection.h */ = {isa = PBXFileReference; fileEncoding = 4; lastKnownFileType = sourcecode.c.h; path = OrderViewSection.h; sourceTree = "<group>"; };
		A9D2CF481E87E9C2000E7F8A /* OrderViewSection.m */ = {isa = PBXFileReference; fileEncoding = 4; lastKnownFileType = sourcecode.c.objc; path = OrderViewSection.m; sourceTree = "<group>"; };
		A9D6D35B1F24676D001E9C5A /* NormalSelectItem.h */ = {isa = PBXFileReference; fileEncoding = 4; lastKnownFileType = sourcecode.c.h; path = NormalSelectItem.h; sourceTree = "<group>"; };
		A9D6D35C1F24676D001E9C5A /* NormalSelectItem.m */ = {isa = PBXFileReference; fileEncoding = 4; lastKnownFileType = sourcecode.c.objc; path = NormalSelectItem.m; sourceTree = "<group>"; };
		A9D9F4991F11EC37000536F0 /* PopAnimateManager.h */ = {isa = PBXFileReference; fileEncoding = 4; lastKnownFileType = sourcecode.c.h; path = PopAnimateManager.h; sourceTree = "<group>"; };
		A9D9F49A1F11EC38000536F0 /* PopAnimateManager.m */ = {isa = PBXFileReference; fileEncoding = 4; lastKnownFileType = sourcecode.c.objc; path = PopAnimateManager.m; sourceTree = "<group>"; };
		A9D9F49C1F11F36C000536F0 /* UIButton+Style.h */ = {isa = PBXFileReference; fileEncoding = 4; lastKnownFileType = sourcecode.c.h; path = "UIButton+Style.h"; sourceTree = "<group>"; };
		A9D9F49D1F11F36C000536F0 /* UIButton+Style.m */ = {isa = PBXFileReference; fileEncoding = 4; lastKnownFileType = sourcecode.c.objc; path = "UIButton+Style.m"; sourceTree = "<group>"; };
		A9D9F49F1F11FC19000536F0 /* NSObject+MethodSwizzlingCategory.h */ = {isa = PBXFileReference; fileEncoding = 4; lastKnownFileType = sourcecode.c.h; path = "NSObject+MethodSwizzlingCategory.h"; sourceTree = "<group>"; };
		A9D9F4A01F11FC19000536F0 /* NSObject+MethodSwizzlingCategory.m */ = {isa = PBXFileReference; fileEncoding = 4; lastKnownFileType = sourcecode.c.objc; path = "NSObject+MethodSwizzlingCategory.m"; sourceTree = "<group>"; };
		B82BA2BBD9D253B54D8D7A26 /* libPods-BestDriverTitan.a */ = {isa = PBXFileReference; explicitFileType = archive.ar; includeInIndex = 0; path = "libPods-BestDriverTitan.a"; sourceTree = BUILT_PRODUCTS_DIR; };
		D98EC7D1583C1D4937BD4A28 /* Pods-BestDriverTitan.debug.xcconfig */ = {isa = PBXFileReference; includeInIndex = 1; lastKnownFileType = text.xcconfig; name = "Pods-BestDriverTitan.debug.xcconfig"; path = "Pods/Target Support Files/Pods-BestDriverTitan/Pods-BestDriverTitan.debug.xcconfig"; sourceTree = "<group>"; };
/* End PBXFileReference section */

/* Begin PBXFrameworksBuildPhase section */
		840DEF631DED6E3100963524 /* Frameworks */ = {
			isa = PBXFrameworksBuildPhase;
			buildActionMask = 2147483647;
			files = (
				8466667C1F2F21950033D489 /* SystemConfiguration.framework in Frameworks */,
				8466667A1F2F218D0033D489 /* AVFoundation.framework in Frameworks */,
				846666781F2F21830033D489 /* AudioToolbox.framework in Frameworks */,
				846666761F2F21790033D489 /* CoreMotion.framework in Frameworks */,
				846666741F2F216E0033D489 /* OpenGLES.framework in Frameworks */,
				846666721F2F21620033D489 /* CoreTelephony.framework in Frameworks */,
				84343C311E559D42000E26C2 /* libPods-BestDriverTitan.a in Frameworks */,
				2B98B8E7C1CAFE26EAFB68FD /* libPods-BestDriverTitan.a in Frameworks */,
			);
			runOnlyForDeploymentPostprocessing = 0;
		};
/* End PBXFrameworksBuildPhase section */

/* Begin PBXGroup section */
		37E69560C9226E0B3F831319 /* Frameworks */ = {
			isa = PBXGroup;
			children = (
				8466667B1F2F21950033D489 /* SystemConfiguration.framework */,
				846666791F2F218D0033D489 /* AVFoundation.framework */,
				846666771F2F21830033D489 /* AudioToolbox.framework */,
				846666751F2F21790033D489 /* CoreMotion.framework */,
				846666731F2F216E0033D489 /* OpenGLES.framework */,
				846666711F2F21620033D489 /* CoreTelephony.framework */,
				84343C271E559D42000E26C2 /* libAFNetworking.a */,
				84343C281E559D42000E26C2 /* libAsyncDisplayKit.a */,
				84343C291E559D42000E26C2 /* libChameleonFramework.a */,
				84343C2A1E559D42000E26C2 /* libMMDrawerController.a */,
				84343C2B1E559D42000E26C2 /* libPods-BestDriverTitan.a */,
				84343C2C1E559D42000E26C2 /* libSVProgressHUD.a */,
				849161C31E34AA7E0063CD80 /* AsyncDisplayKit.framework */,
				849161C11E34AA680063CD80 /* AsyncDisplayKit.framework */,
				B82BA2BBD9D253B54D8D7A26 /* libPods-BestDriverTitan.a */,
			);
			name = Frameworks;
			sourceTree = "<group>";
		};
		8402EC231DF93CE1002B78D9 /* Effect */ = {
			isa = PBXGroup;
			children = (
				8402EC241DF93CE1002B78D9 /* UIControl+TouchEffect.h */,
				8402EC251DF93CE1002B78D9 /* UIControl+TouchEffect.m */,
				A9D9F49C1F11F36C000536F0 /* UIButton+Style.h */,
				A9D9F49D1F11F36C000536F0 /* UIButton+Style.m */,
			);
			path = Effect;
			sourceTree = "<group>";
		};
		8402EC271DF94837002B78D9 /* Task */ = {
			isa = PBXGroup;
			children = (
				84183F271E84F5D000E4BCCE /* TaskHomeController.h */,
				84183F281E84F5D000E4BCCE /* TaskHomeController.m */,
				8402EC281DF94852002B78D9 /* TaskViewController.h */,
				8402EC291DF94852002B78D9 /* TaskViewController.m */,
				8402EC7B1DF97D41002B78D9 /* TaskTripController.h */,
				8402EC7C1DF97D41002B78D9 /* TaskTripController.m */,
				849161CA1E34B10B0063CD80 /* TaskViewCell.h */,
				849161CB1E34B10B0063CD80 /* TaskViewCell.m */,
				841299E01E54489000151672 /* TaskViewSection.h */,
				841299E11E54489000151672 /* TaskViewSection.m */,
				8478A2171E641F300076E8B4 /* TaskTripCell.h */,
				8478A2181E641F300076E8B4 /* TaskTripCell.m */,
				8478A2141E6407260076E8B4 /* TaskTripSection.h */,
				8478A2151E6407260076E8B4 /* TaskTripSection.m */,
				846217C21F15BCC100B2C46B /* TaskActivityView.h */,
				846217C31F15BCC100B2C46B /* TaskActivityView.m */,
			);
			path = Task;
			sourceTree = "<group>";
		};
		8407DF281DF1523300E47E73 /* Splash */ = {
			isa = PBXGroup;
			children = (
				8407DF291DF1523300E47E73 /* SplashSourceView.h */,
				8407DF2A1DF1523300E47E73 /* SplashSourceView.m */,
				8407DF2B1DF1523300E47E73 /* SplashViewController.h */,
				8407DF2C1DF1523300E47E73 /* SplashViewController.m */,
			);
			path = Splash;
			sourceTree = "<group>";
		};
		840DEDB21DF6B10B00F19412 /* Root */ = {
			isa = PBXGroup;
			children = (
				840DEDB31DF6B12900F19412 /* RootNavigationController.h */,
				840DEDB41DF6B12900F19412 /* RootNavigationController.m */,
			);
			path = Root;
			sourceTree = "<group>";
		};
		840DEF5D1DED6E3100963524 = {
			isa = PBXGroup;
			children = (
				840DEF681DED6E3100963524 /* BestDriverTitan */,
				840DEF671DED6E3100963524 /* Products */,
				9BE6E0B73174CFFB2900E2B2 /* Pods */,
				37E69560C9226E0B3F831319 /* Frameworks */,
			);
			sourceTree = "<group>";
		};
		840DEF671DED6E3100963524 /* Products */ = {
			isa = PBXGroup;
			children = (
				840DEF661DED6E3100963524 /* BestDriverTitan.app */,
			);
			name = Products;
			sourceTree = "<group>";
		};
		840DEF681DED6E3100963524 /* BestDriverTitan */ = {
			isa = PBXGroup;
			children = (
				843589251F0DE11100135991 /* Utils */,
				84495CA81DF119CB0017D2CA /* Component */,
				84495C8D1DF113D90017D2CA /* Config */,
				84495C921DF113D90017D2CA /* Model */,
				84495C931DF113D90017D2CA /* Resource */,
				84495C951DF113D90017D2CA /* Vendor */,
				84495C961DF113D90017D2CA /* ViewController */,
				84495C971DF113D90017D2CA /* ViewModel */,
				840DEF6C1DED6E3100963524 /* AppDelegate.h */,
				840DEF6D1DED6E3100963524 /* AppDelegate.m */,
				840DEF6F1DED6E3100963524 /* ViewController.h */,
				840DEF701DED6E3100963524 /* ViewController.m */,
				840DEF751DED6E3100963524 /* Assets.xcassets */,
				840DEF7A1DED6E3100963524 /* Info.plist */,
				840DEF691DED6E3100963524 /* Supporting Files */,
			);
			path = BestDriverTitan;
			sourceTree = "<group>";
		};
		840DEF691DED6E3100963524 /* Supporting Files */ = {
			isa = PBXGroup;
			children = (
				840DEF6A1DED6E3100963524 /* main.m */,
			);
			name = "Supporting Files";
			sourceTree = "<group>";
		};
		841299E41E54579700151672 /* MJTableBase */ = {
			isa = PBXGroup;
			children = (
				841299E51E54579700151672 /* MJRefresh */,
				84129A141E54579700151672 /* MJTableBaseView.h */,
				84129A151E54579700151672 /* MJTableBaseView.m */,
				84129A161E54579700151672 /* MJTableViewCell.h */,
				84129A171E54579700151672 /* MJTableViewCell.m */,
				84129A181E54579700151672 /* MJTableViewController.h */,
				84129A191E54579700151672 /* MJTableViewController.m */,
				84129A1A1E54579700151672 /* MJTableViewSection.h */,
				84129A1B1E54579700151672 /* MJTableViewSection.m */,
			);
			path = MJTableBase;
			sourceTree = "<group>";
		};
		841299E51E54579700151672 /* MJRefresh */ = {
			isa = PBXGroup;
			children = (
				841299E61E54579700151672 /* Base */,
				841299F11E54579700151672 /* Custom */,
				84129A081E54579700151672 /* MJRefresh.bundle */,
				84129A091E54579700151672 /* MJRefresh.h */,
				84129A0A1E54579700151672 /* MJRefreshConst.h */,
				84129A0B1E54579700151672 /* MJRefreshConst.m */,
				84129A0C1E54579700151672 /* NSBundle+MJRefresh.h */,
				84129A0D1E54579700151672 /* NSBundle+MJRefresh.m */,
				84129A0E1E54579700151672 /* UIScrollView+MJExtension.h */,
				84129A0F1E54579700151672 /* UIScrollView+MJExtension.m */,
				84129A101E54579700151672 /* UIScrollView+MJRefresh.h */,
				84129A111E54579700151672 /* UIScrollView+MJRefresh.m */,
				84129A121E54579700151672 /* UIView+MJExtension.h */,
				84129A131E54579700151672 /* UIView+MJExtension.m */,
			);
			path = MJRefresh;
			sourceTree = "<group>";
		};
		841299E61E54579700151672 /* Base */ = {
			isa = PBXGroup;
			children = (
				841299E71E54579700151672 /* MJRefreshAutoFooter.h */,
				841299E81E54579700151672 /* MJRefreshAutoFooter.m */,
				841299E91E54579700151672 /* MJRefreshBackFooter.h */,
				841299EA1E54579700151672 /* MJRefreshBackFooter.m */,
				841299EB1E54579700151672 /* MJRefreshComponent.h */,
				841299EC1E54579700151672 /* MJRefreshComponent.m */,
				841299ED1E54579700151672 /* MJRefreshFooter.h */,
				841299EE1E54579700151672 /* MJRefreshFooter.m */,
				841299EF1E54579700151672 /* MJRefreshHeader.h */,
				841299F01E54579700151672 /* MJRefreshHeader.m */,
			);
			path = Base;
			sourceTree = "<group>";
		};
		841299F11E54579700151672 /* Custom */ = {
			isa = PBXGroup;
			children = (
				841299F21E54579700151672 /* Footer */,
				84129A011E54579700151672 /* Header */,
			);
			path = Custom;
			sourceTree = "<group>";
		};
		841299F21E54579700151672 /* Footer */ = {
			isa = PBXGroup;
			children = (
				841299F31E54579700151672 /* Auto */,
				841299FA1E54579700151672 /* Back */,
			);
			path = Footer;
			sourceTree = "<group>";
		};
		841299F31E54579700151672 /* Auto */ = {
			isa = PBXGroup;
			children = (
				841299F41E54579700151672 /* MJRefreshAutoGifFooter.h */,
				841299F51E54579700151672 /* MJRefreshAutoGifFooter.m */,
				841299F61E54579700151672 /* MJRefreshAutoNormalFooter.h */,
				841299F71E54579700151672 /* MJRefreshAutoNormalFooter.m */,
				841299F81E54579700151672 /* MJRefreshAutoStateFooter.h */,
				841299F91E54579700151672 /* MJRefreshAutoStateFooter.m */,
			);
			path = Auto;
			sourceTree = "<group>";
		};
		841299FA1E54579700151672 /* Back */ = {
			isa = PBXGroup;
			children = (
				841299FB1E54579700151672 /* MJRefreshBackGifFooter.h */,
				841299FC1E54579700151672 /* MJRefreshBackGifFooter.m */,
				841299FD1E54579700151672 /* MJRefreshBackNormalFooter.h */,
				841299FE1E54579700151672 /* MJRefreshBackNormalFooter.m */,
				841299FF1E54579700151672 /* MJRefreshBackStateFooter.h */,
				84129A001E54579700151672 /* MJRefreshBackStateFooter.m */,
			);
			path = Back;
			sourceTree = "<group>";
		};
		84129A011E54579700151672 /* Header */ = {
			isa = PBXGroup;
			children = (
				84129A021E54579700151672 /* MJRefreshGifHeader.h */,
				84129A031E54579700151672 /* MJRefreshGifHeader.m */,
				84129A041E54579700151672 /* MJRefreshNormalHeader.h */,
				84129A051E54579700151672 /* MJRefreshNormalHeader.m */,
				84129A061E54579700151672 /* MJRefreshStateHeader.h */,
				84129A071E54579700151672 /* MJRefreshStateHeader.m */,
			);
			path = Header;
			sourceTree = "<group>";
		};
		84183F231E84F59200E4BCCE /* PageMenu */ = {
			isa = PBXGroup;
			children = (
				84183F241E84F5A200E4BCCE /* CAPSPageMenu.h */,
				84183F251E84F5A200E4BCCE /* CAPSPageMenu.m */,
			);
			path = PageMenu;
			sourceTree = "<group>";
		};
		843589251F0DE11100135991 /* Utils */ = {
			isa = PBXGroup;
			children = (
				843589261F0DE14800135991 /* FollowAnimateManager.h */,
				843589271F0DE14800135991 /* FollowAnimateManager..m */,
				A9D9F4991F11EC37000536F0 /* PopAnimateManager.h */,
				A9D9F49A1F11EC38000536F0 /* PopAnimateManager.m */,
				847CF8F21F209C1C00EB27EA /* HudManager.h */,
				847CF8F31F209C1C00EB27EA /* HudManager.m */,
				847C9C401F219CEB00C22C36 /* UserDefaultsUtils.h */,
				847C9C411F219CEB00C22C36 /* UserDefaultsUtils.m */,
				8439A1C51F25CE2D00E629C8 /* VersionManager.h */,
				8439A1C61F25CE2D00E629C8 /* VersionManager.m */,
				8439A1CA1F25D93300E629C8 /* LocalBundleManager.h */,
				8439A1CB1F25D93300E629C8 /* LocalBundleManager.m */,
			);
			path = Utils;
			sourceTree = "<group>";
		};
		84495C8D1DF113D90017D2CA /* Config */ = {
			isa = PBXGroup;
			children = (
				84495C8E1DF113D90017D2CA /* Config.h */,
				846217D61F1629C500B2C46B /* Config.m */,
				847CF8EF1F20565D00EB27EA /* NetConfig.h */,
				847CF8F01F20565D00EB27EA /* NetConfig.m */,
				84495C8F1DF113D90017D2CA /* NSString+YCI.h */,
				84495C901DF113D90017D2CA /* NSString+YCI.m */,
				84495C911DF113D90017D2CA /* PrefixHeader.pch */,
				84D1F8631E655E95007C1307 /* ASDisplayNode+GY.h */,
				84D1F8641E655E95007C1307 /* ASDisplayNode+GY.m */,
				84D1F8661E6567DF007C1307 /* ASControlNode+GY.h */,
				84D1F8671E6567DF007C1307 /* ASControlNode+GY.m */,
				846E881F1E66ED7800A6C9B0 /* UIView+GY.h */,
				846E88201E66ED7800A6C9B0 /* UIView+GY.m */,
			);
			path = Config;
			sourceTree = "<group>";
		};
		84495C921DF113D90017D2CA /* Model */ = {
			isa = PBXGroup;
			children = (
				849161CD1E34B1C00063CD80 /* ShipmentBean.h */,
				849161CE1E34B1C00063CD80 /* ShipmentBean.m */,
				84963C8C1F14CF0F00AA4617 /* ShipmentStopBean.h */,
				84963C8D1F14CF0F00AA4617 /* ShipmentStopBean.m */,
				846217D31F161DE000B2C46B /* ShipmentActivityBean.h */,
				846217D41F161DE000B2C46B /* ShipmentActivityBean.m */,
				847CF8F51F20B04200EB27EA /* User.h */,
				847CF8F61F20B04200EB27EA /* User.m */,
				847CF8F81F20B05A00EB27EA /* Titoken.h */,
				847CF8F91F20B05A00EB27EA /* Titoken.m */,
				8439A1C21F25C9F500E629C8 /* AppVersion.h */,
				8439A1C31F25C9F500E629C8 /* AppVersion.m */,
			);
			path = Model;
			sourceTree = "<group>";
		};
		84495C931DF113D90017D2CA /* Resource */ = {
			isa = PBXGroup;
			children = (
				847F3E4A1F1F02BC00C21C6A /* default */,
				847F3E4E1F1F02BC00C21C6A /* splash */,
				8407DF321DF1539300E47E73 /* application.png */,
				84495CAC1DF11F2D0017D2CA /* iconfont */,
			);
			path = Resource;
			sourceTree = "<group>";
		};
		84495C951DF113D90017D2CA /* Vendor */ = {
			isa = PBXGroup;
			children = (
				849740A41F0A459A008D3030 /* YYFPSLabel */,
				84183F231E84F59200E4BCCE /* PageMenu */,
				841299E41E54579700151672 /* MJTableBase */,
				84812A3C1E4C848F00E382F1 /* Color */,
				8402EC231DF93CE1002B78D9 /* Effect */,
				84FF1A211DF7EAC7000AEBC0 /* Arrow */,
				84FF1A1D1DF7E364000AEBC0 /* Utils */,
				840DEDB21DF6B10B00F19412 /* Root */,
				847278B11DF1763A00C1BACB /* Request */,
				8407DF281DF1523300E47E73 /* Splash */,
				84495C991DF117E40017D2CA /* Badge */,
				84495C9D1DF117E40017D2CA /* GYTabBar */,
			);
			path = Vendor;
			sourceTree = "<group>";
		};
		84495C961DF113D90017D2CA /* ViewController */ = {
			isa = PBXGroup;
			children = (
				847C9C471F21E69C00C22C36 /* User */,
				847C9C431F21D6EA00C22C36 /* Root */,
				847F3E561F1F40D600C21C6A /* Login */,
				A9D2CF401E87A74A000E7F8A /* Order */,
				8402EC271DF94837002B78D9 /* Task */,
				847278A91DF168B200C1BACB /* Splash */,
			);
			path = ViewController;
			sourceTree = "<group>";
		};
		84495C971DF113D90017D2CA /* ViewModel */ = {
			isa = PBXGroup;
			children = (
				847278AD1DF1713600C1BACB /* Splash */,
				847F3E5A1F1F77B800C21C6A /* Login */,
				847278B51DF1767300C1BACB /* BaseViewModel.h */,
				847278B61DF1767300C1BACB /* BaseViewModel.m */,
			);
			path = ViewModel;
			sourceTree = "<group>";
		};
		84495C991DF117E40017D2CA /* Badge */ = {
			isa = PBXGroup;
			children = (
				84495C9A1DF117E40017D2CA /* LCTabBarBadge */,
			);
			path = Badge;
			sourceTree = "<group>";
		};
		84495C9A1DF117E40017D2CA /* LCTabBarBadge */ = {
			isa = PBXGroup;
			children = (
				84495C9B1DF117E40017D2CA /* LCTabBarBadge.h */,
				84495C9C1DF117E40017D2CA /* LCTabBarBadge.m */,
			);
			path = LCTabBarBadge;
			sourceTree = "<group>";
		};
		84495C9D1DF117E40017D2CA /* GYTabBar */ = {
			isa = PBXGroup;
			children = (
				84495C9E1DF117E40017D2CA /* GYTabBarController.h */,
				84495C9F1DF117E40017D2CA /* GYTabBarController.m */,
				84495CA01DF117E40017D2CA /* GYTabBarItem.h */,
				84495CA11DF117E40017D2CA /* GYTabBarItem.m */,
				84495CA21DF117E40017D2CA /* GYTabBarView.h */,
				84495CA31DF117E40017D2CA /* GYTabBarView.m */,
			);
			path = GYTabBar;
			sourceTree = "<group>";
		};
		84495CA81DF119CB0017D2CA /* Component */ = {
			isa = PBXGroup;
			children = (
				846217C61F15CB4100B2C46B /* Presenting */,
				841299DC1E542E4300151672 /* CircleNode.h */,
				841299DD1E542E4300151672 /* CircleNode.m */,
				841299D91E542D0D00151672 /* DiyLicensePlateNode.h */,
				841299DA1E542D0D00151672 /* DiyLicensePlateNode.m */,
				8407DF2F1DF1527E00E47E73 /* SplashSourceDaDa.h */,
				8407DF301DF1527E00E47E73 /* SplashSourceDaDa.m */,
				84495CA91DF119DA0017D2CA /* DIYTabBarItem.h */,
				84495CAA1DF119DA0017D2CA /* DIYTabBarItem.m */,
				A9CF26481E5071B100D11B59 /* RoundRectNode.h */,
				A9CF26491E5071B100D11B59 /* RoundRectNode.m */,
				84AF24971E94CE3C00AF200D /* DiyNumberAddView.h */,
				84AF24981E94CE3C00AF200D /* DiyNumberAddView.m */,
				A9D6D35B1F24676D001E9C5A /* NormalSelectItem.h */,
				A9D6D35C1F24676D001E9C5A /* NormalSelectItem.m */,
				8485AA821F298F76002D27A6 /* FlatButton.h */,
				8485AA831F298F76002D27A6 /* FlatButton.m */,
			);
			path = Component;
			sourceTree = "<group>";
		};
		84495CAC1DF11F2D0017D2CA /* iconfont */ = {
			isa = PBXGroup;
			children = (
				84495CAD1DF11F2D0017D2CA /* demo_unicode.html */,
				84495CAE1DF11F2D0017D2CA /* iconfont.ttf */,
			);
			path = iconfont;
			sourceTree = "<group>";
		};
		846217C61F15CB4100B2C46B /* Presenting */ = {
			isa = PBXGroup;
			children = (
				846217C71F15CB7300B2C46B /* CustomPresentingController.h */,
				846217C81F15CB7300B2C46B /* CustomPresentingController.m */,
				846217CA1F15CBDD00B2C46B /* CustomDismissingController.h */,
				846217CB1F15CBDD00B2C46B /* CustomDismissingController.m */,
				846217CD1F15CC5A00B2C46B /* CustomModalViewController.h */,
				846217CE1F15CC5A00B2C46B /* CustomModalViewController.m */,
				846217D01F15F10000B2C46B /* CustomPopModelView.h */,
				846217D11F15F10000B2C46B /* CustomPopModelView.m */,
			);
			path = Presenting;
			sourceTree = "<group>";
		};
		847278A91DF168B200C1BACB /* Splash */ = {
			isa = PBXGroup;
			children = (
			);
			path = Splash;
			sourceTree = "<group>";
		};
		847278AD1DF1713600C1BACB /* Splash */ = {
			isa = PBXGroup;
			children = (
				847278AE1DF1715A00C1BACB /* DIYSplashViewModel.h */,
				847278AF1DF1715A00C1BACB /* DIYSplashViewModel.m */,
			);
			path = Splash;
			sourceTree = "<group>";
		};
		847278B11DF1763A00C1BACB /* Request */ = {
			isa = PBXGroup;
			children = (
				847278B21DF1763A00C1BACB /* NetRequestClass.h */,
				847278B31DF1763A00C1BACB /* NetRequestClass.m */,
			);
			path = Request;
			sourceTree = "<group>";
		};
		847C9C431F21D6EA00C22C36 /* Root */ = {
			isa = PBXGroup;
			children = (
				847C9C441F21D84900C22C36 /* OwnerViewController.h */,
				847C9C451F21D84900C22C36 /* OwnerViewController.m */,
			);
			path = Root;
			sourceTree = "<group>";
		};
		847C9C471F21E69C00C22C36 /* User */ = {
			isa = PBXGroup;
			children = (
				847C9C4B1F21E6E200C22C36 /* UserHomeController.h */,
				847C9C4C1F21E6E200C22C36 /* UserHomeController.m */,
			);
			path = User;
			sourceTree = "<group>";
		};
		847F3E4A1F1F02BC00C21C6A /* default */ = {
			isa = PBXGroup;
			children = (
				847F3E4B1F1F02BC00C21C6A /* Default-568h@2x.png.png */,
				847F3E4C1F1F02BC00C21C6A /* Default.png */,
				847F3E4D1F1F02BC00C21C6A /* Default@2x.png */,
			);
			path = default;
			sourceTree = "<group>";
		};
		847F3E4E1F1F02BC00C21C6A /* splash */ = {
			isa = PBXGroup;
			children = (
				8466666F1F2F1DA80033D489 /* splashLogo.png */,
				8466666D1F2F1D950033D489 /* splashBackground.png */,
				847F3E4F1F1F02BC00C21C6A /* splashBackground2.jpg */,
				847F3E501F1F02BC00C21C6A /* splashLogo2.png */,
			);
			path = splash;
			sourceTree = "<group>";
		};
		847F3E561F1F40D600C21C6A /* Login */ = {
			isa = PBXGroup;
			children = (
				847F3E571F1F412800C21C6A /* LoginViewController.h */,
				847F3E581F1F412800C21C6A /* LoginViewController.m */,
			);
			path = Login;
			sourceTree = "<group>";
		};
		847F3E5A1F1F77B800C21C6A /* Login */ = {
			isa = PBXGroup;
			children = (
				847F3E5B1F1F79DB00C21C6A /* LoginViewModel.h */,
				847F3E5C1F1F79DB00C21C6A /* LoginViewModel.m */,
			);
			path = Login;
			sourceTree = "<group>";
		};
		84812A3C1E4C848F00E382F1 /* Color */ = {
			isa = PBXGroup;
			children = (
				84812A3D1E4C84C500E382F1 /* UIColor+HexExchange.h */,
				84812A3E1E4C84C500E382F1 /* UIColor+HexExchange.m */,
			);
			path = Color;
			sourceTree = "<group>";
		};
		849740A41F0A459A008D3030 /* YYFPSLabel */ = {
			isa = PBXGroup;
			children = (
				849740A51F0A459A008D3030 /* YYFPSLabel.h */,
				849740A61F0A459A008D3030 /* YYFPSLabel.m */,
				849740A71F0A459A008D3030 /* YYWeakProxy.h */,
				849740A81F0A459A008D3030 /* YYWeakProxy.m */,
			);
			path = YYFPSLabel;
			sourceTree = "<group>";
		};
		84FF1A1D1DF7E364000AEBC0 /* Utils */ = {
			isa = PBXGroup;
			children = (
				84FF1A1E1DF7E3A2000AEBC0 /* UICreationUtils.h */,
				84FF1A1F1DF7E3A2000AEBC0 /* UICreationUtils.m */,
				A9D9F49F1F11FC19000536F0 /* NSObject+MethodSwizzlingCategory.h */,
				A9D9F4A01F11FC19000536F0 /* NSObject+MethodSwizzlingCategory.m */,
			);
			path = Utils;
			sourceTree = "<group>";
		};
		84FF1A211DF7EAC7000AEBC0 /* Arrow */ = {
			isa = PBXGroup;
			children = (
				84FF1A221DF7EADE000AEBC0 /* UIArrowView.h */,
				84FF1A231DF7EADE000AEBC0 /* UIArrowView.m */,
			);
			path = Arrow;
			sourceTree = "<group>";
		};
		9BE6E0B73174CFFB2900E2B2 /* Pods */ = {
			isa = PBXGroup;
			children = (
				D98EC7D1583C1D4937BD4A28 /* Pods-BestDriverTitan.debug.xcconfig */,
				65C3945FDE96BB21B7C289B6 /* Pods-BestDriverTitan.release.xcconfig */,
			);
			name = Pods;
			sourceTree = "<group>";
		};
		A9D2CF401E87A74A000E7F8A /* Order */ = {
			isa = PBXGroup;
			children = (
				A9D2CF411E87A786000E7F8A /* OrderViewController.h */,
				A9D2CF421E87A786000E7F8A /* OrderViewController.m */,
				A9D2CF441E87AB08000E7F8A /* OrderTabView.h */,
				A9D2CF451E87AB08000E7F8A /* OrderTabView.m */,
				A9D2CF471E87E9C2000E7F8A /* OrderViewSection.h */,
				A9D2CF481E87E9C2000E7F8A /* OrderViewSection.m */,
				84AF249A1E94D88E00AF200D /* OrderNormalCell.h */,
				84AF249B1E94D88E00AF200D /* OrderNormalCell.m */,
			);
			path = Order;
			sourceTree = "<group>";
		};
/* End PBXGroup section */

/* Begin PBXNativeTarget section */
		840DEF651DED6E3100963524 /* BestDriverTitan */ = {
			isa = PBXNativeTarget;
			buildConfigurationList = 840DEF7D1DED6E3100963524 /* Build configuration list for PBXNativeTarget "BestDriverTitan" */;
			buildPhases = (
				51A1997B17472061F5872AD9 /* [CP] Check Pods Manifest.lock */,
				840DEF621DED6E3100963524 /* Sources */,
				840DEF631DED6E3100963524 /* Frameworks */,
				840DEF641DED6E3100963524 /* Resources */,
				CF8F29DCC485270BBD42480D /* [CP] Embed Pods Frameworks */,
				0B287F30E68F962EB1BA1749 /* [CP] Copy Pods Resources */,
				A9E5AF611E4F03B3002E5384 /* Embed Frameworks */,
			);
			buildRules = (
			);
			dependencies = (
			);
			name = BestDriverTitan;
			productName = BestDriverTitan;
			productReference = 840DEF661DED6E3100963524 /* BestDriverTitan.app */;
			productType = "com.apple.product-type.application";
		};
/* End PBXNativeTarget section */

/* Begin PBXProject section */
		840DEF5E1DED6E3100963524 /* Project object */ = {
			isa = PBXProject;
			attributes = {
				LastUpgradeCheck = 0710;
				ORGANIZATIONNAME = admin;
				TargetAttributes = {
					840DEF651DED6E3100963524 = {
						CreatedOnToolsVersion = 7.1.1;
						DevelopmentTeam = XZATG76F8M;
					};
				};
			};
			buildConfigurationList = 840DEF611DED6E3100963524 /* Build configuration list for PBXProject "BestDriverTitan" */;
			compatibilityVersion = "Xcode 3.2";
			developmentRegion = English;
			hasScannedForEncodings = 0;
			knownRegions = (
				en,
				Base,
			);
			mainGroup = 840DEF5D1DED6E3100963524;
			productRefGroup = 840DEF671DED6E3100963524 /* Products */;
			projectDirPath = "";
			projectRoot = "";
			targets = (
				840DEF651DED6E3100963524 /* BestDriverTitan */,
			);
		};
/* End PBXProject section */

/* Begin PBXResourcesBuildPhase section */
		840DEF641DED6E3100963524 /* Resources */ = {
			isa = PBXResourcesBuildPhase;
			buildActionMask = 2147483647;
			files = (
				847F3E541F1F02BC00C21C6A /* splashBackground2.jpg in Resources */,
				847F3E551F1F02BC00C21C6A /* splashLogo2.png in Resources */,
				84495CB01DF11F2D0017D2CA /* iconfont.ttf in Resources */,
				8407DF331DF1539300E47E73 /* application.png in Resources */,
				84129A2A1E54579700151672 /* MJRefresh.bundle in Resources */,
				8466666E1F2F1D950033D489 /* splashBackground.png in Resources */,
				847F3E531F1F02BC00C21C6A /* Default@2x.png in Resources */,
				847F3E521F1F02BC00C21C6A /* Default.png in Resources */,
				847F3E511F1F02BC00C21C6A /* Default-568h@2x.png.png in Resources */,
				846666701F2F1DA80033D489 /* splashLogo.png in Resources */,
				84495CAF1DF11F2D0017D2CA /* demo_unicode.html in Resources */,
				840DEF761DED6E3100963524 /* Assets.xcassets in Resources */,
			);
			runOnlyForDeploymentPostprocessing = 0;
		};
/* End PBXResourcesBuildPhase section */

/* Begin PBXShellScriptBuildPhase section */
		0B287F30E68F962EB1BA1749 /* [CP] Copy Pods Resources */ = {
			isa = PBXShellScriptBuildPhase;
			buildActionMask = 2147483647;
			files = (
			);
			inputPaths = (
			);
			name = "[CP] Copy Pods Resources";
			outputPaths = (
			);
			runOnlyForDeploymentPostprocessing = 0;
			shellPath = /bin/sh;
			shellScript = "\"${SRCROOT}/Pods/Target Support Files/Pods-BestDriverTitan/Pods-BestDriverTitan-resources.sh\"\n";
			showEnvVarsInLog = 0;
		};
		51A1997B17472061F5872AD9 /* [CP] Check Pods Manifest.lock */ = {
			isa = PBXShellScriptBuildPhase;
			buildActionMask = 2147483647;
			files = (
			);
			inputPaths = (
			);
			name = "[CP] Check Pods Manifest.lock";
			outputPaths = (
			);
			runOnlyForDeploymentPostprocessing = 0;
			shellPath = /bin/sh;
			shellScript = "diff \"${PODS_ROOT}/../Podfile.lock\" \"${PODS_ROOT}/Manifest.lock\" > /dev/null\nif [ $? != 0 ] ; then\n    # print error to STDERR\n    echo \"error: The sandbox is not in sync with the Podfile.lock. Run 'pod install' or update your CocoaPods installation.\" >&2\n    exit 1\nfi\n";
			showEnvVarsInLog = 0;
		};
		CF8F29DCC485270BBD42480D /* [CP] Embed Pods Frameworks */ = {
			isa = PBXShellScriptBuildPhase;
			buildActionMask = 2147483647;
			files = (
			);
			inputPaths = (
			);
			name = "[CP] Embed Pods Frameworks";
			outputPaths = (
			);
			runOnlyForDeploymentPostprocessing = 0;
			shellPath = /bin/sh;
			shellScript = "\"${SRCROOT}/Pods/Target Support Files/Pods-BestDriverTitan/Pods-BestDriverTitan-frameworks.sh\"\n";
			showEnvVarsInLog = 0;
		};
/* End PBXShellScriptBuildPhase section */

/* Begin PBXSourcesBuildPhase section */
		840DEF621DED6E3100963524 /* Sources */ = {
			isa = PBXSourcesBuildPhase;
			buildActionMask = 2147483647;
			files = (
				8407DF2D1DF1523300E47E73 /* SplashSourceView.m in Sources */,
				A9D9F49E1F11F36C000536F0 /* UIButton+Style.m in Sources */,
				847F3E591F1F412800C21C6A /* LoginViewController.m in Sources */,
				84129A301E54579700151672 /* MJTableBaseView.m in Sources */,
				84183F261E84F5A200E4BCCE /* CAPSPageMenu.m in Sources */,
				A9D2CF461E87AB08000E7F8A /* OrderTabView.m in Sources */,
				846217C91F15CB7300B2C46B /* CustomPresentingController.m in Sources */,
				84129A211E54579700151672 /* MJRefreshAutoGifFooter.m in Sources */,
				847CF8F71F20B04200EB27EA /* User.m in Sources */,
				8439A1C71F25CE2D00E629C8 /* VersionManager.m in Sources */,
				8478A2191E641F300076E8B4 /* TaskTripCell.m in Sources */,
				A9D9F49B1F11EC38000536F0 /* PopAnimateManager.m in Sources */,
				84129A261E54579700151672 /* MJRefreshBackStateFooter.m in Sources */,
				A9D2CF491E87E9C2000E7F8A /* OrderViewSection.m in Sources */,
				847C9C4D1F21E6E200C22C36 /* UserHomeController.m in Sources */,
				84129A1F1E54579700151672 /* MJRefreshFooter.m in Sources */,
				841299DE1E542E4300151672 /* CircleNode.m in Sources */,
				84495CA71DF117E40017D2CA /* GYTabBarView.m in Sources */,
				84129A1C1E54579700151672 /* MJRefreshAutoFooter.m in Sources */,
				847F3E5D1F1F79DB00C21C6A /* LoginViewModel.m in Sources */,
				840DEDB51DF6B12900F19412 /* RootNavigationController.m in Sources */,
				84183F291E84F5D000E4BCCE /* TaskHomeController.m in Sources */,
				84129A2F1E54579700151672 /* UIView+MJExtension.m in Sources */,
				8439A1C41F25C9F500E629C8 /* AppVersion.m in Sources */,
				84D1F8681E6567DF007C1307 /* ASControlNode+GY.m in Sources */,
				840DEF711DED6E3100963524 /* ViewController.m in Sources */,
				84963C8E1F14CF0F00AA4617 /* ShipmentStopBean.m in Sources */,
				84129A2D1E54579700151672 /* UIScrollView+MJExtension.m in Sources */,
				84129A231E54579700151672 /* MJRefreshAutoStateFooter.m in Sources */,
				847CF8FA1F20B05A00EB27EA /* Titoken.m in Sources */,
				846217C41F15BCC100B2C46B /* TaskActivityView.m in Sources */,
				A9CF264A1E5071B100D11B59 /* RoundRectNode.m in Sources */,
				8407DF311DF1527E00E47E73 /* SplashSourceDaDa.m in Sources */,
				84495CAB1DF119DA0017D2CA /* DIYTabBarItem.m in Sources */,
				8485AA841F298F76002D27A6 /* FlatButton.m in Sources */,
				A9D2CF431E87A786000E7F8A /* OrderViewController.m in Sources */,
				84129A201E54579700151672 /* MJRefreshHeader.m in Sources */,
				84495C981DF113D90017D2CA /* NSString+YCI.m in Sources */,
				84129A2C1E54579700151672 /* NSBundle+MJRefresh.m in Sources */,
				847278B41DF1763A00C1BACB /* NetRequestClass.m in Sources */,
				84129A321E54579700151672 /* MJTableViewController.m in Sources */,
				847CF8F11F20565E00EB27EA /* NetConfig.m in Sources */,
				847C9C421F219CEB00C22C36 /* UserDefaultsUtils.m in Sources */,
				84129A2E1E54579700151672 /* UIScrollView+MJRefresh.m in Sources */,
				84FF1A241DF7EADE000AEBC0 /* UIArrowView.m in Sources */,
				840DEF6E1DED6E3100963524 /* AppDelegate.m in Sources */,
				846E88211E66ED7800A6C9B0 /* UIView+GY.m in Sources */,
				8402EC261DF93CE1002B78D9 /* UIControl+TouchEffect.m in Sources */,
				847CF8F41F209C1C00EB27EA /* HudManager.m in Sources */,
				8407DF2E1DF1523300E47E73 /* SplashViewController.m in Sources */,
				849740A91F0A459A008D3030 /* YYFPSLabel.m in Sources */,
				847278B01DF1715A00C1BACB /* DIYSplashViewModel.m in Sources */,
				849161CC1E34B10B0063CD80 /* TaskViewCell.m in Sources */,
				84129A251E54579700151672 /* MJRefreshBackNormalFooter.m in Sources */,
				84495CA61DF117E40017D2CA /* GYTabBarItem.m in Sources */,
				847C9C461F21D84900C22C36 /* OwnerViewController.m in Sources */,
				846217D51F161DE000B2C46B /* ShipmentActivityBean.m in Sources */,
				84129A1D1E54579700151672 /* MJRefreshBackFooter.m in Sources */,
				84D1F8651E655E95007C1307 /* ASDisplayNode+GY.m in Sources */,
				841299E21E54489000151672 /* TaskViewSection.m in Sources */,
				846217D21F15F10000B2C46B /* CustomPopModelView.m in Sources */,
				84812A3F1E4C84C500E382F1 /* UIColor+HexExchange.m in Sources */,
				8439A1CC1F25D93300E629C8 /* LocalBundleManager.m in Sources */,
				84495CA41DF117E40017D2CA /* LCTabBarBadge.m in Sources */,
				A9D9F4A11F11FC19000536F0 /* NSObject+MethodSwizzlingCategory.m in Sources */,
				843589281F0DE14800135991 /* FollowAnimateManager..m in Sources */,
				84129A271E54579700151672 /* MJRefreshGifHeader.m in Sources */,
				840DEF6B1DED6E3100963524 /* main.m in Sources */,
				84129A221E54579700151672 /* MJRefreshAutoNormalFooter.m in Sources */,
				84129A241E54579700151672 /* MJRefreshBackGifFooter.m in Sources */,
				847278B71DF1767300C1BACB /* BaseViewModel.m in Sources */,
				841299DB1E542D0D00151672 /* DiyLicensePlateNode.m in Sources */,
				8402EC2A1DF94852002B78D9 /* TaskViewController.m in Sources */,
				846217CC1F15CBDD00B2C46B /* CustomDismissingController.m in Sources */,
				8402EC7D1DF97D41002B78D9 /* TaskTripController.m in Sources */,
				84FF1A201DF7E3A2000AEBC0 /* UICreationUtils.m in Sources */,
				A9D6D35D1F24676D001E9C5A /* NormalSelectItem.m in Sources */,
				846217D71F1629C500B2C46B /* Config.m in Sources */,
				84AF24991E94CE3C00AF200D /* DiyNumberAddView.m in Sources */,
				8478A2161E6407260076E8B4 /* TaskTripSection.m in Sources */,
				84129A291E54579700151672 /* MJRefreshStateHeader.m in Sources */,
				84AF249C1E94D88E00AF200D /* OrderNormalCell.m in Sources */,
				84129A311E54579700151672 /* MJTableViewCell.m in Sources */,
				84495CA51DF117E40017D2CA /* GYTabBarController.m in Sources */,
				849740AA1F0A459A008D3030 /* YYWeakProxy.m in Sources */,
				84129A2B1E54579700151672 /* MJRefreshConst.m in Sources */,
				849161CF1E34B1C00063CD80 /* ShipmentBean.m in Sources */,
				84129A281E54579700151672 /* MJRefreshNormalHeader.m in Sources */,
				84129A331E54579700151672 /* MJTableViewSection.m in Sources */,
				84129A1E1E54579700151672 /* MJRefreshComponent.m in Sources */,
				846217CF1F15CC5A00B2C46B /* CustomModalViewController.m in Sources */,
			);
			runOnlyForDeploymentPostprocessing = 0;
		};
/* End PBXSourcesBuildPhase section */

/* Begin XCBuildConfiguration section */
		840DEF7B1DED6E3100963524 /* Debug */ = {
			isa = XCBuildConfiguration;
			buildSettings = {
				ALWAYS_SEARCH_USER_PATHS = NO;
				CLANG_CXX_LANGUAGE_STANDARD = "gnu++0x";
				CLANG_CXX_LIBRARY = "libc++";
				CLANG_ENABLE_MODULES = YES;
				CLANG_ENABLE_OBJC_ARC = YES;
				CLANG_WARN_BOOL_CONVERSION = YES;
				CLANG_WARN_CONSTANT_CONVERSION = YES;
				CLANG_WARN_DIRECT_OBJC_ISA_USAGE = YES_ERROR;
				CLANG_WARN_EMPTY_BODY = YES;
				CLANG_WARN_ENUM_CONVERSION = YES;
				CLANG_WARN_INT_CONVERSION = YES;
				CLANG_WARN_OBJC_ROOT_CLASS = YES_ERROR;
				CLANG_WARN_UNREACHABLE_CODE = YES;
				CLANG_WARN__DUPLICATE_METHOD_MATCH = YES;
				"CODE_SIGN_IDENTITY[sdk=iphoneos*]" = "iPhone Developer";
				COPY_PHASE_STRIP = NO;
				DEBUG_INFORMATION_FORMAT = dwarf;
				ENABLE_BITCODE = NO;
				ENABLE_STRICT_OBJC_MSGSEND = YES;
				ENABLE_TESTABILITY = YES;
				GCC_C_LANGUAGE_STANDARD = gnu99;
				GCC_DYNAMIC_NO_PIC = NO;
				GCC_NO_COMMON_BLOCKS = YES;
				GCC_OPTIMIZATION_LEVEL = 0;
				GCC_PREPROCESSOR_DEFINITIONS = (
					"DEBUG=1",
					"$(inherited)",
				);
				GCC_WARN_64_TO_32_BIT_CONVERSION = YES;
				GCC_WARN_ABOUT_RETURN_TYPE = YES_ERROR;
				GCC_WARN_UNDECLARED_SELECTOR = YES;
				GCC_WARN_UNINITIALIZED_AUTOS = YES_AGGRESSIVE;
				GCC_WARN_UNUSED_FUNCTION = YES;
				GCC_WARN_UNUSED_VARIABLE = YES;
				IPHONEOS_DEPLOYMENT_TARGET = 7.1;
				MTL_ENABLE_DEBUG_INFO = YES;
				ONLY_ACTIVE_ARCH = YES;
				SDKROOT = iphoneos;
				TARGETED_DEVICE_FAMILY = "1,2";
			};
			name = Debug;
		};
		840DEF7C1DED6E3100963524 /* Release */ = {
			isa = XCBuildConfiguration;
			buildSettings = {
				ALWAYS_SEARCH_USER_PATHS = NO;
				CLANG_CXX_LANGUAGE_STANDARD = "gnu++0x";
				CLANG_CXX_LIBRARY = "libc++";
				CLANG_ENABLE_MODULES = YES;
				CLANG_ENABLE_OBJC_ARC = YES;
				CLANG_WARN_BOOL_CONVERSION = YES;
				CLANG_WARN_CONSTANT_CONVERSION = YES;
				CLANG_WARN_DIRECT_OBJC_ISA_USAGE = YES_ERROR;
				CLANG_WARN_EMPTY_BODY = YES;
				CLANG_WARN_ENUM_CONVERSION = YES;
				CLANG_WARN_INT_CONVERSION = YES;
				CLANG_WARN_OBJC_ROOT_CLASS = YES_ERROR;
				CLANG_WARN_UNREACHABLE_CODE = YES;
				CLANG_WARN__DUPLICATE_METHOD_MATCH = YES;
				"CODE_SIGN_IDENTITY[sdk=iphoneos*]" = "iPhone Developer";
				COPY_PHASE_STRIP = NO;
				DEBUG_INFORMATION_FORMAT = "dwarf-with-dsym";
				ENABLE_BITCODE = NO;
				ENABLE_NS_ASSERTIONS = NO;
				ENABLE_STRICT_OBJC_MSGSEND = YES;
				GCC_C_LANGUAGE_STANDARD = gnu99;
				GCC_NO_COMMON_BLOCKS = YES;
				GCC_WARN_64_TO_32_BIT_CONVERSION = YES;
				GCC_WARN_ABOUT_RETURN_TYPE = YES_ERROR;
				GCC_WARN_UNDECLARED_SELECTOR = YES;
				GCC_WARN_UNINITIALIZED_AUTOS = YES_AGGRESSIVE;
				GCC_WARN_UNUSED_FUNCTION = YES;
				GCC_WARN_UNUSED_VARIABLE = YES;
				IPHONEOS_DEPLOYMENT_TARGET = 7.1;
				MTL_ENABLE_DEBUG_INFO = NO;
				SDKROOT = iphoneos;
				TARGETED_DEVICE_FAMILY = "1,2";
				VALIDATE_PRODUCT = YES;
			};
			name = Release;
		};
		840DEF7E1DED6E3100963524 /* Debug */ = {
			isa = XCBuildConfiguration;
			baseConfigurationReference = D98EC7D1583C1D4937BD4A28 /* Pods-BestDriverTitan.debug.xcconfig */;
			buildSettings = {
				ASSETCATALOG_COMPILER_APPICON_NAME = AppIcon;
				ASSETCATALOG_COMPILER_LAUNCHIMAGE_NAME = LaunchImage;
				CODE_SIGN_IDENTITY = "iPhone Developer";
				"CODE_SIGN_IDENTITY[sdk=iphoneos*]" = "iPhone Developer";
				ENABLE_BITCODE = NO;
				GCC_PREFIX_HEADER = BestDriverTitan/Config/PrefixHeader.pch;
				INFOPLIST_FILE = BestDriverTitan/Info.plist;
				LD_RUNPATH_SEARCH_PATHS = "$(inherited) @executable_path/Frameworks";
				LIBRARY_SEARCH_PATHS = (
					"$(inherited)",
					"$(PROJECT_DIR)/build/Debug-iphoneos/AFNetworking",
					"$(PROJECT_DIR)/build/Debug-iphoneos/AsyncDisplayKit",
					"$(PROJECT_DIR)/build/Debug-iphoneos/ChameleonFramework",
					"$(PROJECT_DIR)/build/Debug-iphoneos/MMDrawerController",
					"$(PROJECT_DIR)/build/Debug-iphoneos",
					"$(PROJECT_DIR)/build/Debug-iphoneos/SVProgressHUD",
				);
				PRODUCT_BUNDLE_IDENTIFIER = com.best.ios.drivertitan;
				PRODUCT_NAME = "$(TARGET_NAME)";
				PROVISIONING_PROFILE = "";
				TARGETED_DEVICE_FAMILY = 1;
			};
			name = Debug;
		};
		840DEF7F1DED6E3100963524 /* Release */ = {
			isa = XCBuildConfiguration;
			baseConfigurationReference = 65C3945FDE96BB21B7C289B6 /* Pods-BestDriverTitan.release.xcconfig */;
			buildSettings = {
				ASSETCATALOG_COMPILER_APPICON_NAME = AppIcon;
				ASSETCATALOG_COMPILER_LAUNCHIMAGE_NAME = LaunchImage;
				CODE_SIGN_IDENTITY = "iPhone Developer";
				"CODE_SIGN_IDENTITY[sdk=iphoneos*]" = "iPhone Developer";
				ENABLE_BITCODE = NO;
				GCC_PREFIX_HEADER = BestDriverTitan/Config/PrefixHeader.pch;
				INFOPLIST_FILE = BestDriverTitan/Info.plist;
				LD_RUNPATH_SEARCH_PATHS = "$(inherited) @executable_path/Frameworks";
				LIBRARY_SEARCH_PATHS = (
					"$(inherited)",
					"$(PROJECT_DIR)/build/Debug-iphoneos/AFNetworking",
					"$(PROJECT_DIR)/build/Debug-iphoneos/AsyncDisplayKit",
					"$(PROJECT_DIR)/build/Debug-iphoneos/ChameleonFramework",
					"$(PROJECT_DIR)/build/Debug-iphoneos/MMDrawerController",
					"$(PROJECT_DIR)/build/Debug-iphoneos",
					"$(PROJECT_DIR)/build/Debug-iphoneos/SVProgressHUD",
				);
				PRODUCT_BUNDLE_IDENTIFIER = com.best.ios.drivertitan;
				PRODUCT_NAME = "$(TARGET_NAME)";
				PROVISIONING_PROFILE = "";
				TARGETED_DEVICE_FAMILY = 1;
			};
			name = Release;
		};
/* End XCBuildConfiguration section */

/* Begin XCConfigurationList section */
		840DEF611DED6E3100963524 /* Build configuration list for PBXProject "BestDriverTitan" */ = {
			isa = XCConfigurationList;
			buildConfigurations = (
				840DEF7B1DED6E3100963524 /* Debug */,
				840DEF7C1DED6E3100963524 /* Release */,
			);
			defaultConfigurationIsVisible = 0;
			defaultConfigurationName = Release;
		};
		840DEF7D1DED6E3100963524 /* Build configuration list for PBXNativeTarget "BestDriverTitan" */ = {
			isa = XCConfigurationList;
			buildConfigurations = (
				840DEF7E1DED6E3100963524 /* Debug */,
				840DEF7F1DED6E3100963524 /* Release */,
			);
			defaultConfigurationIsVisible = 0;
			defaultConfigurationName = Release;
		};
/* End XCConfigurationList section */
	};
	rootObject = 840DEF5E1DED6E3100963524 /* Project object */;
}
